// !$*UTF8*$!
{
	archiveVersion = 1;
	classes = {
	};
	objectVersion = 46;
	objects = {

/* Begin PBXBuildFile section */
		305946AABDB5BCED936CF83A /* libPods-weibo.a in Frameworks */ = {isa = PBXBuildFile; fileRef = 1E2AB5EA4C28C077D1C4925D /* libPods-weibo.a */; };
		BB1671D91DC722EF00455648 /* wbStatus.m in Sources */ = {isa = PBXBuildFile; fileRef = BB1671D81DC722EF00455648 /* wbStatus.m */; };
		BB1671DC1DC7230500455648 /* wbUser.m in Sources */ = {isa = PBXBuildFile; fileRef = BB1671DB1DC7230500455648 /* wbUser.m */; };
		BB1671DF1DC7230F00455648 /* wbPhoto.m in Sources */ = {isa = PBXBuildFile; fileRef = BB1671DE1DC7230F00455648 /* wbPhoto.m */; };
		BB186DF81DC97D2F0063A3DD /* wbBaseParam.m in Sources */ = {isa = PBXBuildFile; fileRef = BB186DF71DC97D2F0063A3DD /* wbBaseParam.m */; };
		BB186DFE1DC97F1F0063A3DD /* wbUserParam.m in Sources */ = {isa = PBXBuildFile; fileRef = BB186DFD1DC97F1F0063A3DD /* wbUserParam.m */; };
		BB186E011DC97F640063A3DD /* wbUserResult.m in Sources */ = {isa = PBXBuildFile; fileRef = BB186E001DC97F640063A3DD /* wbUserResult.m */; };
		BB186E041DC97FBB0063A3DD /* wbUserTool.m in Sources */ = {isa = PBXBuildFile; fileRef = BB186E031DC97FBB0063A3DD /* wbUserTool.m */; };
		BB186E061DC985170063A3DD /* AVFoundation.framework in Frameworks */ = {isa = PBXBuildFile; fileRef = BB186E051DC985170063A3DD /* AVFoundation.framework */; };
		BB186E0A1DC9861D0063A3DD /* silence.mp3 in Resources */ = {isa = PBXBuildFile; fileRef = BB186E081DC9861D0063A3DD /* silence.mp3 */; };
		BB186E0B1DC9861D0063A3DD /* 爸比我要喝奶奶.mp3 in Resources */ = {isa = PBXBuildFile; fileRef = BB186E091DC9861D0063A3DD /* 爸比我要喝奶奶.mp3 */; };
		BB4C7CD21DC2014000FCDEDA /* AFHTTPRequestOperation.m in Sources */ = {isa = PBXBuildFile; fileRef = BB4C7C771DC2014000FCDEDA /* AFHTTPRequestOperation.m */; };
		BB4C7CD31DC2014000FCDEDA /* AFHTTPRequestOperationManager.m in Sources */ = {isa = PBXBuildFile; fileRef = BB4C7C791DC2014000FCDEDA /* AFHTTPRequestOperationManager.m */; };
		BB4C7CD41DC2014000FCDEDA /* AFHTTPSessionManager.m in Sources */ = {isa = PBXBuildFile; fileRef = BB4C7C7B1DC2014000FCDEDA /* AFHTTPSessionManager.m */; };
		BB4C7CD51DC2014000FCDEDA /* AFNetworkReachabilityManager.m in Sources */ = {isa = PBXBuildFile; fileRef = BB4C7C7E1DC2014000FCDEDA /* AFNetworkReachabilityManager.m */; };
		BB4C7CD61DC2014000FCDEDA /* AFSecurityPolicy.m in Sources */ = {isa = PBXBuildFile; fileRef = BB4C7C801DC2014000FCDEDA /* AFSecurityPolicy.m */; };
		BB4C7CD71DC2014000FCDEDA /* AFURLConnectionOperation.m in Sources */ = {isa = PBXBuildFile; fileRef = BB4C7C821DC2014000FCDEDA /* AFURLConnectionOperation.m */; };
		BB4C7CD81DC2014000FCDEDA /* AFURLRequestSerialization.m in Sources */ = {isa = PBXBuildFile; fileRef = BB4C7C841DC2014000FCDEDA /* AFURLRequestSerialization.m */; };
		BB4C7CD91DC2014000FCDEDA /* AFURLResponseSerialization.m in Sources */ = {isa = PBXBuildFile; fileRef = BB4C7C861DC2014000FCDEDA /* AFURLResponseSerialization.m */; };
		BB4C7CDA1DC2014000FCDEDA /* AFURLSessionManager.m in Sources */ = {isa = PBXBuildFile; fileRef = BB4C7C881DC2014000FCDEDA /* AFURLSessionManager.m */; };
		BB4C7CDB1DC2014000FCDEDA /* MBProgressHUD+MJ.m in Sources */ = {isa = PBXBuildFile; fileRef = BB4C7C8B1DC2014000FCDEDA /* MBProgressHUD+MJ.m */; };
		BB4C7CDC1DC2014000FCDEDA /* MBProgressHUD.bundle in Resources */ = {isa = PBXBuildFile; fileRef = BB4C7C8C1DC2014000FCDEDA /* MBProgressHUD.bundle */; };
		BB4C7CDD1DC2014000FCDEDA /* MBProgressHUD.m in Sources */ = {isa = PBXBuildFile; fileRef = BB4C7C8E1DC2014000FCDEDA /* MBProgressHUD.m */; };
		BB4C7CDE1DC2014000FCDEDA /* MJConst.m in Sources */ = {isa = PBXBuildFile; fileRef = BB4C7C911DC2014000FCDEDA /* MJConst.m */; };
		BB4C7CDF1DC2014000FCDEDA /* MJFoundation.m in Sources */ = {isa = PBXBuildFile; fileRef = BB4C7C941DC2014000FCDEDA /* MJFoundation.m */; };
		BB4C7CE01DC2014000FCDEDA /* MJIvar.m in Sources */ = {isa = PBXBuildFile; fileRef = BB4C7C961DC2014000FCDEDA /* MJIvar.m */; };
		BB4C7CE11DC2014000FCDEDA /* MJType.m in Sources */ = {isa = PBXBuildFile; fileRef = BB4C7C981DC2014000FCDEDA /* MJType.m */; };
		BB4C7CE21DC2014000FCDEDA /* NSObject+MJCoding.m in Sources */ = {isa = PBXBuildFile; fileRef = BB4C7C9A1DC2014000FCDEDA /* NSObject+MJCoding.m */; };
		BB4C7CE31DC2014000FCDEDA /* NSObject+MJIvar.m in Sources */ = {isa = PBXBuildFile; fileRef = BB4C7C9C1DC2014000FCDEDA /* NSObject+MJIvar.m */; };
		BB4C7CE41DC2014000FCDEDA /* NSObject+MJKeyValue.m in Sources */ = {isa = PBXBuildFile; fileRef = BB4C7C9E1DC2014000FCDEDA /* NSObject+MJKeyValue.m */; };
		BB4C7CE51DC2014000FCDEDA /* MJRefresh.bundle in Resources */ = {isa = PBXBuildFile; fileRef = BB4C7CA01DC2014000FCDEDA /* MJRefresh.bundle */; };
		BB4C7CE61DC2014000FCDEDA /* MJRefreshBaseView.m in Sources */ = {isa = PBXBuildFile; fileRef = BB4C7CA31DC2014000FCDEDA /* MJRefreshBaseView.m */; };
		BB4C7CE71DC2014000FCDEDA /* MJRefreshConst.m in Sources */ = {isa = PBXBuildFile; fileRef = BB4C7CA51DC2014000FCDEDA /* MJRefreshConst.m */; };
		BB4C7CE81DC2014000FCDEDA /* MJRefreshFooterView.m in Sources */ = {isa = PBXBuildFile; fileRef = BB4C7CA71DC2014000FCDEDA /* MJRefreshFooterView.m */; };
		BB4C7CE91DC2014000FCDEDA /* MJRefreshHeaderView.m in Sources */ = {isa = PBXBuildFile; fileRef = BB4C7CA91DC2014000FCDEDA /* MJRefreshHeaderView.m */; };
		BB4C7CEA1DC2014000FCDEDA /* UIScrollView+MJExtension.m in Sources */ = {isa = PBXBuildFile; fileRef = BB4C7CAB1DC2014000FCDEDA /* UIScrollView+MJExtension.m */; };
		BB4C7CEB1DC2014000FCDEDA /* UIScrollView+MJRefresh.m in Sources */ = {isa = PBXBuildFile; fileRef = BB4C7CAD1DC2014000FCDEDA /* UIScrollView+MJRefresh.m */; };
		BB4C7CEC1DC2014000FCDEDA /* UIView+MJExtension.m in Sources */ = {isa = PBXBuildFile; fileRef = BB4C7CAF1DC2014000FCDEDA /* UIView+MJExtension.m */; };
		BB4C7CED1DC2014000FCDEDA /* MKAnnotationView+WebCache.m in Sources */ = {isa = PBXBuildFile; fileRef = BB4C7CB21DC2014000FCDEDA /* MKAnnotationView+WebCache.m */; };
		BB4C7CEE1DC2014000FCDEDA /* NSData+ImageContentType.m in Sources */ = {isa = PBXBuildFile; fileRef = BB4C7CB41DC2014000FCDEDA /* NSData+ImageContentType.m */; };
		BB4C7CEF1DC2014000FCDEDA /* SDImageCache.m in Sources */ = {isa = PBXBuildFile; fileRef = BB4C7CB61DC2014000FCDEDA /* SDImageCache.m */; };
		BB4C7CF01DC2014000FCDEDA /* SDWebImageCompat.m in Sources */ = {isa = PBXBuildFile; fileRef = BB4C7CB81DC2014000FCDEDA /* SDWebImageCompat.m */; };
		BB4C7CF11DC2014000FCDEDA /* SDWebImageDecoder.m in Sources */ = {isa = PBXBuildFile; fileRef = BB4C7CBA1DC2014000FCDEDA /* SDWebImageDecoder.m */; };
		BB4C7CF21DC2014000FCDEDA /* SDWebImageDownloader.m in Sources */ = {isa = PBXBuildFile; fileRef = BB4C7CBC1DC2014000FCDEDA /* SDWebImageDownloader.m */; };
		BB4C7CF31DC2014000FCDEDA /* SDWebImageDownloaderOperation.m in Sources */ = {isa = PBXBuildFile; fileRef = BB4C7CBE1DC2014000FCDEDA /* SDWebImageDownloaderOperation.m */; };
		BB4C7CF41DC2014000FCDEDA /* SDWebImageManager.m in Sources */ = {isa = PBXBuildFile; fileRef = BB4C7CC01DC2014000FCDEDA /* SDWebImageManager.m */; };
		BB4C7CF51DC2014000FCDEDA /* SDWebImagePrefetcher.m in Sources */ = {isa = PBXBuildFile; fileRef = BB4C7CC31DC2014000FCDEDA /* SDWebImagePrefetcher.m */; };
		BB4C7CF61DC2014000FCDEDA /* UIButton+WebCache.m in Sources */ = {isa = PBXBuildFile; fileRef = BB4C7CC51DC2014000FCDEDA /* UIButton+WebCache.m */; };
		BB4C7CF71DC2014000FCDEDA /* UIImage+GIF.m in Sources */ = {isa = PBXBuildFile; fileRef = BB4C7CC71DC2014000FCDEDA /* UIImage+GIF.m */; };
		BB4C7CF81DC2014000FCDEDA /* UIImage+MultiFormat.m in Sources */ = {isa = PBXBuildFile; fileRef = BB4C7CC91DC2014000FCDEDA /* UIImage+MultiFormat.m */; };
		BB4C7CF91DC2014000FCDEDA /* UIImage+WebP.m in Sources */ = {isa = PBXBuildFile; fileRef = BB4C7CCB1DC2014000FCDEDA /* UIImage+WebP.m */; };
		BB4C7CFA1DC2014000FCDEDA /* UIImageView+HighlightedWebCache.m in Sources */ = {isa = PBXBuildFile; fileRef = BB4C7CCD1DC2014000FCDEDA /* UIImageView+HighlightedWebCache.m */; };
		BB4C7CFB1DC2014000FCDEDA /* UIImageView+WebCache.m in Sources */ = {isa = PBXBuildFile; fileRef = BB4C7CCF1DC2014000FCDEDA /* UIImageView+WebCache.m */; };
		BB4C7CFC1DC2014000FCDEDA /* UIView+WebCacheOperation.m in Sources */ = {isa = PBXBuildFile; fileRef = BB4C7CD11DC2014000FCDEDA /* UIView+WebCacheOperation.m */; };
		BB61956D1DCC29CE0038664A /* wbStatusFrame.m in Sources */ = {isa = PBXBuildFile; fileRef = BB61956C1DCC29CE0038664A /* wbStatusFrame.m */; };
		BB6195711DCC2F780038664A /* wbStatusCell.m in Sources */ = {isa = PBXBuildFile; fileRef = BB6195701DCC2F780038664A /* wbStatusCell.m */; };
		BB6195741DCC31C30038664A /* wbOriginalView.m in Sources */ = {isa = PBXBuildFile; fileRef = BB6195731DCC31C30038664A /* wbOriginalView.m */; };
		BB6195771DCC33BD0038664A /* wbRetweetView.m in Sources */ = {isa = PBXBuildFile; fileRef = BB6195761DCC33BD0038664A /* wbRetweetView.m */; };
		BB61957A1DCC35000038664A /* wbStatusToolBar.m in Sources */ = {isa = PBXBuildFile; fileRef = BB6195791DCC35000038664A /* wbStatusToolBar.m */; };
		BB79A6EA1DC079FD00E3072D /* wbNewFeatureController.m in Sources */ = {isa = PBXBuildFile; fileRef = BB79A6E51DC079FD00E3072D /* wbNewFeatureController.m */; };
		BB79A6EB1DC079FD00E3072D /* wbNewFeatureCell.m in Sources */ = {isa = PBXBuildFile; fileRef = BB79A6E91DC079FD00E3072D /* wbNewFeatureCell.m */; };
		BB80CD411DC835CD00D411D1 /* wbStatusParam.m in Sources */ = {isa = PBXBuildFile; fileRef = BB80CD401DC835CD00D411D1 /* wbStatusParam.m */; };
		BB80CD441DC8362A00D411D1 /* wbStatusResult.m in Sources */ = {isa = PBXBuildFile; fileRef = BB80CD431DC8362A00D411D1 /* wbStatusResult.m */; };
		BB80CD471DC8370E00D411D1 /* wbStatusTool.m in Sources */ = {isa = PBXBuildFile; fileRef = BB80CD461DC8370E00D411D1 /* wbStatusTool.m */; };
		BB80CD4B1DC838CA00D411D1 /* wbHttpTool.m in Sources */ = {isa = PBXBuildFile; fileRef = BB80CD4A1DC838CA00D411D1 /* wbHttpTool.m */; };
		BB80CD4F1DC842F400D411D1 /* wbAccountParam.m in Sources */ = {isa = PBXBuildFile; fileRef = BB80CD4E1DC842F400D411D1 /* wbAccountParam.m */; };
		BBDD12B01DC32C580007F145 /* wbAccount.m in Sources */ = {isa = PBXBuildFile; fileRef = BBDD12AF1DC32C580007F145 /* wbAccount.m */; };
		BBDD12B61DC330540007F145 /* wbAccountTool.m in Sources */ = {isa = PBXBuildFile; fileRef = BBDD12B51DC330540007F145 /* wbAccountTool.m */; };
		BBDD12B91DC3320C0007F145 /* wbRootTool.m in Sources */ = {isa = PBXBuildFile; fileRef = BBDD12B81DC3320C0007F145 /* wbRootTool.m */; };
		BBE38CAB1DB8970800BB4F35 /* wbNavigationController.m in Sources */ = {isa = PBXBuildFile; fileRef = BBE38CAA1DB8970800BB4F35 /* wbNavigationController.m */; };
		BBE38CAE1DB897F900BB4F35 /* wbHomeViewController.m in Sources */ = {isa = PBXBuildFile; fileRef = BBE38CAD1DB897F900BB4F35 /* wbHomeViewController.m */; };
		BBE38CB11DB8981700BB4F35 /* wbDiscoverViewController.m in Sources */ = {isa = PBXBuildFile; fileRef = BBE38CB01DB8981700BB4F35 /* wbDiscoverViewController.m */; };
		BBE38CB41DB8982C00BB4F35 /* wbMessageViewController.m in Sources */ = {isa = PBXBuildFile; fileRef = BBE38CB31DB8982C00BB4F35 /* wbMessageViewController.m */; };
		BBE38CB71DB8983D00BB4F35 /* wbProfileViewController.m in Sources */ = {isa = PBXBuildFile; fileRef = BBE38CB61DB8983D00BB4F35 /* wbProfileViewController.m */; };
		BBE38CBA1DB8AD4200BB4F35 /* wbBadgeView.m in Sources */ = {isa = PBXBuildFile; fileRef = BBE38CB91DB8AD4200BB4F35 /* wbBadgeView.m */; };
		BBE38CBD1DB8AFA700BB4F35 /* UIView+wbFrame.m in Sources */ = {isa = PBXBuildFile; fileRef = BBE38CBC1DB8AFA700BB4F35 /* UIView+wbFrame.m */; };
		BBE38CC11DB8BD5500BB4F35 /* wbTabBarButton.m in Sources */ = {isa = PBXBuildFile; fileRef = BBE38CC01DB8BD5500BB4F35 /* wbTabBarButton.m */; };
		BBE38CC41DB9B60700BB4F35 /* UIBarButtonItem+wbItem.m in Sources */ = {isa = PBXBuildFile; fileRef = BBE38CC31DB9B60700BB4F35 /* UIBarButtonItem+wbItem.m */; };
		BBE38CC71DB9B84A00BB4F35 /* wbTitleButton.m in Sources */ = {isa = PBXBuildFile; fileRef = BBE38CC61DB9B84A00BB4F35 /* wbTitleButton.m */; };
		BBE38CCA1DB9BC7300BB4F35 /* wbCover.m in Sources */ = {isa = PBXBuildFile; fileRef = BBE38CC91DB9BC7300BB4F35 /* wbCover.m */; };
		BBE38CCD1DB9C06800BB4F35 /* wbPopMenu.m in Sources */ = {isa = PBXBuildFile; fileRef = BBE38CCC1DB9C06800BB4F35 /* wbPopMenu.m */; };
		BBE38CD01DB9C1E700BB4F35 /* wbOneViewController.m in Sources */ = {isa = PBXBuildFile; fileRef = BBE38CCF1DB9C1E700BB4F35 /* wbOneViewController.m */; };
		BBE38CD31DBA1AF700BB4F35 /* wbSearchBar.m in Sources */ = {isa = PBXBuildFile; fileRef = BBE38CD21DBA1AF700BB4F35 /* wbSearchBar.m */; };
		BBE637E81DC191EF009C0CDC /* wbOAuthViewController.m in Sources */ = {isa = PBXBuildFile; fileRef = BBE637E71DC191EF009C0CDC /* wbOAuthViewController.m */; };
		BBF001831DB5F6DA0099BD50 /* Assets.xcassets in Resources */ = {isa = PBXBuildFile; fileRef = BBF001821DB5F6DA0099BD50 /* Assets.xcassets */; };
		BBF001861DB5F6DA0099BD50 /* LaunchScreen.storyboard in Resources */ = {isa = PBXBuildFile; fileRef = BBF001841DB5F6DA0099BD50 /* LaunchScreen.storyboard */; };
		BBF001A81DB5F8ED0099BD50 /* AppDelegate.m in Sources */ = {isa = PBXBuildFile; fileRef = BBF001A11DB5F8ED0099BD50 /* AppDelegate.m */; };
		BBF001A91DB5F8ED0099BD50 /* main.m in Sources */ = {isa = PBXBuildFile; fileRef = BBF001A31DB5F8ED0099BD50 /* main.m */; };
		BBF001B01DB5FEC60099BD50 /* wbTabBarController.m in Sources */ = {isa = PBXBuildFile; fileRef = BBF001AF1DB5FEC60099BD50 /* wbTabBarController.m */; };
		BBF001B31DB603E60099BD50 /* UIImage+wbImage.m in Sources */ = {isa = PBXBuildFile; fileRef = BBF001B21DB603E60099BD50 /* UIImage+wbImage.m */; };
		BBF001B61DB6051D0099BD50 /* wbTabBar.m in Sources */ = {isa = PBXBuildFile; fileRef = BBF001B51DB6051D0099BD50 /* wbTabBar.m */; };
		BBF001B91DB60B720099BD50 /* UIKit.framework in Frameworks */ = {isa = PBXBuildFile; fileRef = BBF001B81DB60B720099BD50 /* UIKit.framework */; };
/* End PBXBuildFile section */

/* Begin PBXFileReference section */
		1E2AB5EA4C28C077D1C4925D /* libPods-weibo.a */ = {isa = PBXFileReference; explicitFileType = archive.ar; includeInIndex = 0; path = "libPods-weibo.a"; sourceTree = BUILT_PRODUCTS_DIR; };
		63DCC574F5467D727EB917A0 /* Pods-weibo.release.xcconfig */ = {isa = PBXFileReference; includeInIndex = 1; lastKnownFileType = text.xcconfig; name = "Pods-weibo.release.xcconfig"; path = "Pods/Target Support Files/Pods-weibo/Pods-weibo.release.xcconfig"; sourceTree = "<group>"; };
		AC8A3D61E800337767193188 /* Pods-weibo.debug.xcconfig */ = {isa = PBXFileReference; includeInIndex = 1; lastKnownFileType = text.xcconfig; name = "Pods-weibo.debug.xcconfig"; path = "Pods/Target Support Files/Pods-weibo/Pods-weibo.debug.xcconfig"; sourceTree = "<group>"; };
		BB1671D71DC722EF00455648 /* wbStatus.h */ = {isa = PBXFileReference; fileEncoding = 4; lastKnownFileType = sourcecode.c.h; path = wbStatus.h; sourceTree = "<group>"; };
		BB1671D81DC722EF00455648 /* wbStatus.m */ = {isa = PBXFileReference; fileEncoding = 4; lastKnownFileType = sourcecode.c.objc; path = wbStatus.m; sourceTree = "<group>"; };
		BB1671DA1DC7230500455648 /* wbUser.h */ = {isa = PBXFileReference; fileEncoding = 4; lastKnownFileType = sourcecode.c.h; path = wbUser.h; sourceTree = "<group>"; };
		BB1671DB1DC7230500455648 /* wbUser.m */ = {isa = PBXFileReference; fileEncoding = 4; lastKnownFileType = sourcecode.c.objc; path = wbUser.m; sourceTree = "<group>"; };
		BB1671DD1DC7230F00455648 /* wbPhoto.h */ = {isa = PBXFileReference; fileEncoding = 4; lastKnownFileType = sourcecode.c.h; path = wbPhoto.h; sourceTree = "<group>"; };
		BB1671DE1DC7230F00455648 /* wbPhoto.m */ = {isa = PBXFileReference; fileEncoding = 4; lastKnownFileType = sourcecode.c.objc; path = wbPhoto.m; sourceTree = "<group>"; };
		BB186DF61DC97D2F0063A3DD /* wbBaseParam.h */ = {isa = PBXFileReference; fileEncoding = 4; lastKnownFileType = sourcecode.c.h; path = wbBaseParam.h; sourceTree = "<group>"; };
		BB186DF71DC97D2F0063A3DD /* wbBaseParam.m */ = {isa = PBXFileReference; fileEncoding = 4; lastKnownFileType = sourcecode.c.objc; path = wbBaseParam.m; sourceTree = "<group>"; };
		BB186DFC1DC97F1F0063A3DD /* wbUserParam.h */ = {isa = PBXFileReference; fileEncoding = 4; lastKnownFileType = sourcecode.c.h; path = wbUserParam.h; sourceTree = "<group>"; };
		BB186DFD1DC97F1F0063A3DD /* wbUserParam.m */ = {isa = PBXFileReference; fileEncoding = 4; lastKnownFileType = sourcecode.c.objc; path = wbUserParam.m; sourceTree = "<group>"; };
		BB186DFF1DC97F640063A3DD /* wbUserResult.h */ = {isa = PBXFileReference; fileEncoding = 4; lastKnownFileType = sourcecode.c.h; path = wbUserResult.h; sourceTree = "<group>"; };
		BB186E001DC97F640063A3DD /* wbUserResult.m */ = {isa = PBXFileReference; fileEncoding = 4; lastKnownFileType = sourcecode.c.objc; path = wbUserResult.m; sourceTree = "<group>"; };
		BB186E021DC97FBB0063A3DD /* wbUserTool.h */ = {isa = PBXFileReference; fileEncoding = 4; lastKnownFileType = sourcecode.c.h; path = wbUserTool.h; sourceTree = "<group>"; };
		BB186E031DC97FBB0063A3DD /* wbUserTool.m */ = {isa = PBXFileReference; fileEncoding = 4; lastKnownFileType = sourcecode.c.objc; path = wbUserTool.m; sourceTree = "<group>"; };
		BB186E051DC985170063A3DD /* AVFoundation.framework */ = {isa = PBXFileReference; lastKnownFileType = wrapper.framework; name = AVFoundation.framework; path = System/Library/Frameworks/AVFoundation.framework; sourceTree = SDKROOT; };
		BB186E081DC9861D0063A3DD /* silence.mp3 */ = {isa = PBXFileReference; lastKnownFileType = audio.mp3; path = silence.mp3; sourceTree = "<group>"; };
		BB186E091DC9861D0063A3DD /* 爸比我要喝奶奶.mp3 */ = {isa = PBXFileReference; lastKnownFileType = audio.mp3; path = "爸比我要喝奶奶.mp3"; sourceTree = "<group>"; };
		BB4C7C761DC2014000FCDEDA /* AFHTTPRequestOperation.h */ = {isa = PBXFileReference; fileEncoding = 4; lastKnownFileType = sourcecode.c.h; path = AFHTTPRequestOperation.h; sourceTree = "<group>"; };
		BB4C7C771DC2014000FCDEDA /* AFHTTPRequestOperation.m */ = {isa = PBXFileReference; fileEncoding = 4; lastKnownFileType = sourcecode.c.objc; path = AFHTTPRequestOperation.m; sourceTree = "<group>"; };
		BB4C7C781DC2014000FCDEDA /* AFHTTPRequestOperationManager.h */ = {isa = PBXFileReference; fileEncoding = 4; lastKnownFileType = sourcecode.c.h; path = AFHTTPRequestOperationManager.h; sourceTree = "<group>"; };
		BB4C7C791DC2014000FCDEDA /* AFHTTPRequestOperationManager.m */ = {isa = PBXFileReference; fileEncoding = 4; lastKnownFileType = sourcecode.c.objc; path = AFHTTPRequestOperationManager.m; sourceTree = "<group>"; };
		BB4C7C7A1DC2014000FCDEDA /* AFHTTPSessionManager.h */ = {isa = PBXFileReference; fileEncoding = 4; lastKnownFileType = sourcecode.c.h; path = AFHTTPSessionManager.h; sourceTree = "<group>"; };
		BB4C7C7B1DC2014000FCDEDA /* AFHTTPSessionManager.m */ = {isa = PBXFileReference; fileEncoding = 4; lastKnownFileType = sourcecode.c.objc; path = AFHTTPSessionManager.m; sourceTree = "<group>"; };
		BB4C7C7C1DC2014000FCDEDA /* AFNetworking.h */ = {isa = PBXFileReference; fileEncoding = 4; lastKnownFileType = sourcecode.c.h; path = AFNetworking.h; sourceTree = "<group>"; };
		BB4C7C7D1DC2014000FCDEDA /* AFNetworkReachabilityManager.h */ = {isa = PBXFileReference; fileEncoding = 4; lastKnownFileType = sourcecode.c.h; path = AFNetworkReachabilityManager.h; sourceTree = "<group>"; };
		BB4C7C7E1DC2014000FCDEDA /* AFNetworkReachabilityManager.m */ = {isa = PBXFileReference; fileEncoding = 4; lastKnownFileType = sourcecode.c.objc; path = AFNetworkReachabilityManager.m; sourceTree = "<group>"; };
		BB4C7C7F1DC2014000FCDEDA /* AFSecurityPolicy.h */ = {isa = PBXFileReference; fileEncoding = 4; lastKnownFileType = sourcecode.c.h; path = AFSecurityPolicy.h; sourceTree = "<group>"; };
		BB4C7C801DC2014000FCDEDA /* AFSecurityPolicy.m */ = {isa = PBXFileReference; fileEncoding = 4; lastKnownFileType = sourcecode.c.objc; path = AFSecurityPolicy.m; sourceTree = "<group>"; };
		BB4C7C811DC2014000FCDEDA /* AFURLConnectionOperation.h */ = {isa = PBXFileReference; fileEncoding = 4; lastKnownFileType = sourcecode.c.h; path = AFURLConnectionOperation.h; sourceTree = "<group>"; };
		BB4C7C821DC2014000FCDEDA /* AFURLConnectionOperation.m */ = {isa = PBXFileReference; fileEncoding = 4; lastKnownFileType = sourcecode.c.objc; path = AFURLConnectionOperation.m; sourceTree = "<group>"; };
		BB4C7C831DC2014000FCDEDA /* AFURLRequestSerialization.h */ = {isa = PBXFileReference; fileEncoding = 4; lastKnownFileType = sourcecode.c.h; path = AFURLRequestSerialization.h; sourceTree = "<group>"; };
		BB4C7C841DC2014000FCDEDA /* AFURLRequestSerialization.m */ = {isa = PBXFileReference; fileEncoding = 4; lastKnownFileType = sourcecode.c.objc; path = AFURLRequestSerialization.m; sourceTree = "<group>"; };
		BB4C7C851DC2014000FCDEDA /* AFURLResponseSerialization.h */ = {isa = PBXFileReference; fileEncoding = 4; lastKnownFileType = sourcecode.c.h; path = AFURLResponseSerialization.h; sourceTree = "<group>"; };
		BB4C7C861DC2014000FCDEDA /* AFURLResponseSerialization.m */ = {isa = PBXFileReference; fileEncoding = 4; lastKnownFileType = sourcecode.c.objc; path = AFURLResponseSerialization.m; sourceTree = "<group>"; };
		BB4C7C871DC2014000FCDEDA /* AFURLSessionManager.h */ = {isa = PBXFileReference; fileEncoding = 4; lastKnownFileType = sourcecode.c.h; path = AFURLSessionManager.h; sourceTree = "<group>"; };
		BB4C7C881DC2014000FCDEDA /* AFURLSessionManager.m */ = {isa = PBXFileReference; fileEncoding = 4; lastKnownFileType = sourcecode.c.objc; path = AFURLSessionManager.m; sourceTree = "<group>"; };
		BB4C7C8A1DC2014000FCDEDA /* MBProgressHUD+MJ.h */ = {isa = PBXFileReference; fileEncoding = 4; lastKnownFileType = sourcecode.c.h; path = "MBProgressHUD+MJ.h"; sourceTree = "<group>"; };
		BB4C7C8B1DC2014000FCDEDA /* MBProgressHUD+MJ.m */ = {isa = PBXFileReference; fileEncoding = 4; lastKnownFileType = sourcecode.c.objc; path = "MBProgressHUD+MJ.m"; sourceTree = "<group>"; };
		BB4C7C8C1DC2014000FCDEDA /* MBProgressHUD.bundle */ = {isa = PBXFileReference; lastKnownFileType = "wrapper.plug-in"; path = MBProgressHUD.bundle; sourceTree = "<group>"; };
		BB4C7C8D1DC2014000FCDEDA /* MBProgressHUD.h */ = {isa = PBXFileReference; fileEncoding = 4; lastKnownFileType = sourcecode.c.h; path = MBProgressHUD.h; sourceTree = "<group>"; };
		BB4C7C8E1DC2014000FCDEDA /* MBProgressHUD.m */ = {isa = PBXFileReference; fileEncoding = 4; lastKnownFileType = sourcecode.c.objc; path = MBProgressHUD.m; sourceTree = "<group>"; };
		BB4C7C901DC2014000FCDEDA /* MJConst.h */ = {isa = PBXFileReference; fileEncoding = 4; lastKnownFileType = sourcecode.c.h; path = MJConst.h; sourceTree = "<group>"; };
		BB4C7C911DC2014000FCDEDA /* MJConst.m */ = {isa = PBXFileReference; fileEncoding = 4; lastKnownFileType = sourcecode.c.objc; path = MJConst.m; sourceTree = "<group>"; };
		BB4C7C921DC2014000FCDEDA /* MJExtension.h */ = {isa = PBXFileReference; fileEncoding = 4; lastKnownFileType = sourcecode.c.h; path = MJExtension.h; sourceTree = "<group>"; };
		BB4C7C931DC2014000FCDEDA /* MJFoundation.h */ = {isa = PBXFileReference; fileEncoding = 4; lastKnownFileType = sourcecode.c.h; path = MJFoundation.h; sourceTree = "<group>"; };
		BB4C7C941DC2014000FCDEDA /* MJFoundation.m */ = {isa = PBXFileReference; fileEncoding = 4; lastKnownFileType = sourcecode.c.objc; path = MJFoundation.m; sourceTree = "<group>"; };
		BB4C7C951DC2014000FCDEDA /* MJIvar.h */ = {isa = PBXFileReference; fileEncoding = 4; lastKnownFileType = sourcecode.c.h; path = MJIvar.h; sourceTree = "<group>"; };
		BB4C7C961DC2014000FCDEDA /* MJIvar.m */ = {isa = PBXFileReference; fileEncoding = 4; lastKnownFileType = sourcecode.c.objc; path = MJIvar.m; sourceTree = "<group>"; };
		BB4C7C971DC2014000FCDEDA /* MJType.h */ = {isa = PBXFileReference; fileEncoding = 4; lastKnownFileType = sourcecode.c.h; path = MJType.h; sourceTree = "<group>"; };
		BB4C7C981DC2014000FCDEDA /* MJType.m */ = {isa = PBXFileReference; fileEncoding = 4; lastKnownFileType = sourcecode.c.objc; path = MJType.m; sourceTree = "<group>"; };
		BB4C7C991DC2014000FCDEDA /* NSObject+MJCoding.h */ = {isa = PBXFileReference; fileEncoding = 4; lastKnownFileType = sourcecode.c.h; path = "NSObject+MJCoding.h"; sourceTree = "<group>"; };
		BB4C7C9A1DC2014000FCDEDA /* NSObject+MJCoding.m */ = {isa = PBXFileReference; fileEncoding = 4; lastKnownFileType = sourcecode.c.objc; path = "NSObject+MJCoding.m"; sourceTree = "<group>"; };
		BB4C7C9B1DC2014000FCDEDA /* NSObject+MJIvar.h */ = {isa = PBXFileReference; fileEncoding = 4; lastKnownFileType = sourcecode.c.h; path = "NSObject+MJIvar.h"; sourceTree = "<group>"; };
		BB4C7C9C1DC2014000FCDEDA /* NSObject+MJIvar.m */ = {isa = PBXFileReference; fileEncoding = 4; lastKnownFileType = sourcecode.c.objc; path = "NSObject+MJIvar.m"; sourceTree = "<group>"; };
		BB4C7C9D1DC2014000FCDEDA /* NSObject+MJKeyValue.h */ = {isa = PBXFileReference; fileEncoding = 4; lastKnownFileType = sourcecode.c.h; path = "NSObject+MJKeyValue.h"; sourceTree = "<group>"; };
		BB4C7C9E1DC2014000FCDEDA /* NSObject+MJKeyValue.m */ = {isa = PBXFileReference; fileEncoding = 4; lastKnownFileType = sourcecode.c.objc; path = "NSObject+MJKeyValue.m"; sourceTree = "<group>"; };
		BB4C7CA01DC2014000FCDEDA /* MJRefresh.bundle */ = {isa = PBXFileReference; lastKnownFileType = "wrapper.plug-in"; path = MJRefresh.bundle; sourceTree = "<group>"; };
		BB4C7CA11DC2014000FCDEDA /* MJRefresh.h */ = {isa = PBXFileReference; fileEncoding = 4; lastKnownFileType = sourcecode.c.h; path = MJRefresh.h; sourceTree = "<group>"; };
		BB4C7CA21DC2014000FCDEDA /* MJRefreshBaseView.h */ = {isa = PBXFileReference; fileEncoding = 4; lastKnownFileType = sourcecode.c.h; path = MJRefreshBaseView.h; sourceTree = "<group>"; };
		BB4C7CA31DC2014000FCDEDA /* MJRefreshBaseView.m */ = {isa = PBXFileReference; fileEncoding = 4; lastKnownFileType = sourcecode.c.objc; path = MJRefreshBaseView.m; sourceTree = "<group>"; };
		BB4C7CA41DC2014000FCDEDA /* MJRefreshConst.h */ = {isa = PBXFileReference; fileEncoding = 4; lastKnownFileType = sourcecode.c.h; path = MJRefreshConst.h; sourceTree = "<group>"; };
		BB4C7CA51DC2014000FCDEDA /* MJRefreshConst.m */ = {isa = PBXFileReference; fileEncoding = 4; lastKnownFileType = sourcecode.c.objc; path = MJRefreshConst.m; sourceTree = "<group>"; };
		BB4C7CA61DC2014000FCDEDA /* MJRefreshFooterView.h */ = {isa = PBXFileReference; fileEncoding = 4; lastKnownFileType = sourcecode.c.h; path = MJRefreshFooterView.h; sourceTree = "<group>"; };
		BB4C7CA71DC2014000FCDEDA /* MJRefreshFooterView.m */ = {isa = PBXFileReference; fileEncoding = 4; lastKnownFileType = sourcecode.c.objc; path = MJRefreshFooterView.m; sourceTree = "<group>"; };
		BB4C7CA81DC2014000FCDEDA /* MJRefreshHeaderView.h */ = {isa = PBXFileReference; fileEncoding = 4; lastKnownFileType = sourcecode.c.h; path = MJRefreshHeaderView.h; sourceTree = "<group>"; };
		BB4C7CA91DC2014000FCDEDA /* MJRefreshHeaderView.m */ = {isa = PBXFileReference; fileEncoding = 4; lastKnownFileType = sourcecode.c.objc; path = MJRefreshHeaderView.m; sourceTree = "<group>"; };
		BB4C7CAA1DC2014000FCDEDA /* UIScrollView+MJExtension.h */ = {isa = PBXFileReference; fileEncoding = 4; lastKnownFileType = sourcecode.c.h; path = "UIScrollView+MJExtension.h"; sourceTree = "<group>"; };
		BB4C7CAB1DC2014000FCDEDA /* UIScrollView+MJExtension.m */ = {isa = PBXFileReference; fileEncoding = 4; lastKnownFileType = sourcecode.c.objc; path = "UIScrollView+MJExtension.m"; sourceTree = "<group>"; };
		BB4C7CAC1DC2014000FCDEDA /* UIScrollView+MJRefresh.h */ = {isa = PBXFileReference; fileEncoding = 4; lastKnownFileType = sourcecode.c.h; path = "UIScrollView+MJRefresh.h"; sourceTree = "<group>"; };
		BB4C7CAD1DC2014000FCDEDA /* UIScrollView+MJRefresh.m */ = {isa = PBXFileReference; fileEncoding = 4; lastKnownFileType = sourcecode.c.objc; path = "UIScrollView+MJRefresh.m"; sourceTree = "<group>"; };
		BB4C7CAE1DC2014000FCDEDA /* UIView+MJExtension.h */ = {isa = PBXFileReference; fileEncoding = 4; lastKnownFileType = sourcecode.c.h; path = "UIView+MJExtension.h"; sourceTree = "<group>"; };
		BB4C7CAF1DC2014000FCDEDA /* UIView+MJExtension.m */ = {isa = PBXFileReference; fileEncoding = 4; lastKnownFileType = sourcecode.c.objc; path = "UIView+MJExtension.m"; sourceTree = "<group>"; };
		BB4C7CB11DC2014000FCDEDA /* MKAnnotationView+WebCache.h */ = {isa = PBXFileReference; fileEncoding = 4; lastKnownFileType = sourcecode.c.h; path = "MKAnnotationView+WebCache.h"; sourceTree = "<group>"; };
		BB4C7CB21DC2014000FCDEDA /* MKAnnotationView+WebCache.m */ = {isa = PBXFileReference; fileEncoding = 4; lastKnownFileType = sourcecode.c.objc; path = "MKAnnotationView+WebCache.m"; sourceTree = "<group>"; };
		BB4C7CB31DC2014000FCDEDA /* NSData+ImageContentType.h */ = {isa = PBXFileReference; fileEncoding = 4; lastKnownFileType = sourcecode.c.h; path = "NSData+ImageContentType.h"; sourceTree = "<group>"; };
		BB4C7CB41DC2014000FCDEDA /* NSData+ImageContentType.m */ = {isa = PBXFileReference; fileEncoding = 4; lastKnownFileType = sourcecode.c.objc; path = "NSData+ImageContentType.m"; sourceTree = "<group>"; };
		BB4C7CB51DC2014000FCDEDA /* SDImageCache.h */ = {isa = PBXFileReference; fileEncoding = 4; lastKnownFileType = sourcecode.c.h; path = SDImageCache.h; sourceTree = "<group>"; };
		BB4C7CB61DC2014000FCDEDA /* SDImageCache.m */ = {isa = PBXFileReference; fileEncoding = 4; lastKnownFileType = sourcecode.c.objc; path = SDImageCache.m; sourceTree = "<group>"; };
		BB4C7CB71DC2014000FCDEDA /* SDWebImageCompat.h */ = {isa = PBXFileReference; fileEncoding = 4; lastKnownFileType = sourcecode.c.h; path = SDWebImageCompat.h; sourceTree = "<group>"; };
		BB4C7CB81DC2014000FCDEDA /* SDWebImageCompat.m */ = {isa = PBXFileReference; fileEncoding = 4; lastKnownFileType = sourcecode.c.objc; path = SDWebImageCompat.m; sourceTree = "<group>"; };
		BB4C7CB91DC2014000FCDEDA /* SDWebImageDecoder.h */ = {isa = PBXFileReference; fileEncoding = 4; lastKnownFileType = sourcecode.c.h; path = SDWebImageDecoder.h; sourceTree = "<group>"; };
		BB4C7CBA1DC2014000FCDEDA /* SDWebImageDecoder.m */ = {isa = PBXFileReference; fileEncoding = 4; lastKnownFileType = sourcecode.c.objc; path = SDWebImageDecoder.m; sourceTree = "<group>"; };
		BB4C7CBB1DC2014000FCDEDA /* SDWebImageDownloader.h */ = {isa = PBXFileReference; fileEncoding = 4; lastKnownFileType = sourcecode.c.h; path = SDWebImageDownloader.h; sourceTree = "<group>"; };
		BB4C7CBC1DC2014000FCDEDA /* SDWebImageDownloader.m */ = {isa = PBXFileReference; fileEncoding = 4; lastKnownFileType = sourcecode.c.objc; path = SDWebImageDownloader.m; sourceTree = "<group>"; };
		BB4C7CBD1DC2014000FCDEDA /* SDWebImageDownloaderOperation.h */ = {isa = PBXFileReference; fileEncoding = 4; lastKnownFileType = sourcecode.c.h; path = SDWebImageDownloaderOperation.h; sourceTree = "<group>"; };
		BB4C7CBE1DC2014000FCDEDA /* SDWebImageDownloaderOperation.m */ = {isa = PBXFileReference; fileEncoding = 4; lastKnownFileType = sourcecode.c.objc; path = SDWebImageDownloaderOperation.m; sourceTree = "<group>"; };
		BB4C7CBF1DC2014000FCDEDA /* SDWebImageManager.h */ = {isa = PBXFileReference; fileEncoding = 4; lastKnownFileType = sourcecode.c.h; path = SDWebImageManager.h; sourceTree = "<group>"; };
		BB4C7CC01DC2014000FCDEDA /* SDWebImageManager.m */ = {isa = PBXFileReference; fileEncoding = 4; lastKnownFileType = sourcecode.c.objc; path = SDWebImageManager.m; sourceTree = "<group>"; };
		BB4C7CC11DC2014000FCDEDA /* SDWebImageOperation.h */ = {isa = PBXFileReference; fileEncoding = 4; lastKnownFileType = sourcecode.c.h; path = SDWebImageOperation.h; sourceTree = "<group>"; };
		BB4C7CC21DC2014000FCDEDA /* SDWebImagePrefetcher.h */ = {isa = PBXFileReference; fileEncoding = 4; lastKnownFileType = sourcecode.c.h; path = SDWebImagePrefetcher.h; sourceTree = "<group>"; };
		BB4C7CC31DC2014000FCDEDA /* SDWebImagePrefetcher.m */ = {isa = PBXFileReference; fileEncoding = 4; lastKnownFileType = sourcecode.c.objc; path = SDWebImagePrefetcher.m; sourceTree = "<group>"; };
		BB4C7CC41DC2014000FCDEDA /* UIButton+WebCache.h */ = {isa = PBXFileReference; fileEncoding = 4; lastKnownFileType = sourcecode.c.h; path = "UIButton+WebCache.h"; sourceTree = "<group>"; };
		BB4C7CC51DC2014000FCDEDA /* UIButton+WebCache.m */ = {isa = PBXFileReference; fileEncoding = 4; lastKnownFileType = sourcecode.c.objc; path = "UIButton+WebCache.m"; sourceTree = "<group>"; };
		BB4C7CC61DC2014000FCDEDA /* UIImage+GIF.h */ = {isa = PBXFileReference; fileEncoding = 4; lastKnownFileType = sourcecode.c.h; path = "UIImage+GIF.h"; sourceTree = "<group>"; };
		BB4C7CC71DC2014000FCDEDA /* UIImage+GIF.m */ = {isa = PBXFileReference; fileEncoding = 4; lastKnownFileType = sourcecode.c.objc; path = "UIImage+GIF.m"; sourceTree = "<group>"; };
		BB4C7CC81DC2014000FCDEDA /* UIImage+MultiFormat.h */ = {isa = PBXFileReference; fileEncoding = 4; lastKnownFileType = sourcecode.c.h; path = "UIImage+MultiFormat.h"; sourceTree = "<group>"; };
		BB4C7CC91DC2014000FCDEDA /* UIImage+MultiFormat.m */ = {isa = PBXFileReference; fileEncoding = 4; lastKnownFileType = sourcecode.c.objc; path = "UIImage+MultiFormat.m"; sourceTree = "<group>"; };
		BB4C7CCA1DC2014000FCDEDA /* UIImage+WebP.h */ = {isa = PBXFileReference; fileEncoding = 4; lastKnownFileType = sourcecode.c.h; path = "UIImage+WebP.h"; sourceTree = "<group>"; };
		BB4C7CCB1DC2014000FCDEDA /* UIImage+WebP.m */ = {isa = PBXFileReference; fileEncoding = 4; lastKnownFileType = sourcecode.c.objc; path = "UIImage+WebP.m"; sourceTree = "<group>"; };
		BB4C7CCC1DC2014000FCDEDA /* UIImageView+HighlightedWebCache.h */ = {isa = PBXFileReference; fileEncoding = 4; lastKnownFileType = sourcecode.c.h; path = "UIImageView+HighlightedWebCache.h"; sourceTree = "<group>"; };
		BB4C7CCD1DC2014000FCDEDA /* UIImageView+HighlightedWebCache.m */ = {isa = PBXFileReference; fileEncoding = 4; lastKnownFileType = sourcecode.c.objc; path = "UIImageView+HighlightedWebCache.m"; sourceTree = "<group>"; };
		BB4C7CCE1DC2014000FCDEDA /* UIImageView+WebCache.h */ = {isa = PBXFileReference; fileEncoding = 4; lastKnownFileType = sourcecode.c.h; path = "UIImageView+WebCache.h"; sourceTree = "<group>"; };
		BB4C7CCF1DC2014000FCDEDA /* UIImageView+WebCache.m */ = {isa = PBXFileReference; fileEncoding = 4; lastKnownFileType = sourcecode.c.objc; path = "UIImageView+WebCache.m"; sourceTree = "<group>"; };
		BB4C7CD01DC2014000FCDEDA /* UIView+WebCacheOperation.h */ = {isa = PBXFileReference; fileEncoding = 4; lastKnownFileType = sourcecode.c.h; path = "UIView+WebCacheOperation.h"; sourceTree = "<group>"; };
		BB4C7CD11DC2014000FCDEDA /* UIView+WebCacheOperation.m */ = {isa = PBXFileReference; fileEncoding = 4; lastKnownFileType = sourcecode.c.objc; path = "UIView+WebCacheOperation.m"; sourceTree = "<group>"; };
		BB61956B1DCC29CE0038664A /* wbStatusFrame.h */ = {isa = PBXFileReference; fileEncoding = 4; lastKnownFileType = sourcecode.c.h; path = wbStatusFrame.h; sourceTree = "<group>"; };
		BB61956C1DCC29CE0038664A /* wbStatusFrame.m */ = {isa = PBXFileReference; fileEncoding = 4; lastKnownFileType = sourcecode.c.objc; path = wbStatusFrame.m; sourceTree = "<group>"; };
		BB61956F1DCC2F780038664A /* wbStatusCell.h */ = {isa = PBXFileReference; fileEncoding = 4; lastKnownFileType = sourcecode.c.h; path = wbStatusCell.h; sourceTree = "<group>"; };
		BB6195701DCC2F780038664A /* wbStatusCell.m */ = {isa = PBXFileReference; fileEncoding = 4; lastKnownFileType = sourcecode.c.objc; path = wbStatusCell.m; sourceTree = "<group>"; };
		BB6195721DCC31C30038664A /* wbOriginalView.h */ = {isa = PBXFileReference; fileEncoding = 4; lastKnownFileType = sourcecode.c.h; path = wbOriginalView.h; sourceTree = "<group>"; };
		BB6195731DCC31C30038664A /* wbOriginalView.m */ = {isa = PBXFileReference; fileEncoding = 4; lastKnownFileType = sourcecode.c.objc; path = wbOriginalView.m; sourceTree = "<group>"; };
		BB6195751DCC33BD0038664A /* wbRetweetView.h */ = {isa = PBXFileReference; fileEncoding = 4; lastKnownFileType = sourcecode.c.h; path = wbRetweetView.h; sourceTree = "<group>"; };
		BB6195761DCC33BD0038664A /* wbRetweetView.m */ = {isa = PBXFileReference; fileEncoding = 4; lastKnownFileType = sourcecode.c.objc; path = wbRetweetView.m; sourceTree = "<group>"; };
		BB6195781DCC35000038664A /* wbStatusToolBar.h */ = {isa = PBXFileReference; fileEncoding = 4; lastKnownFileType = sourcecode.c.h; path = wbStatusToolBar.h; sourceTree = "<group>"; };
		BB6195791DCC35000038664A /* wbStatusToolBar.m */ = {isa = PBXFileReference; fileEncoding = 4; lastKnownFileType = sourcecode.c.objc; path = wbStatusToolBar.m; sourceTree = "<group>"; };
		BB79A6E41DC079FD00E3072D /* wbNewFeatureController.h */ = {isa = PBXFileReference; fileEncoding = 4; lastKnownFileType = sourcecode.c.h; path = wbNewFeatureController.h; sourceTree = "<group>"; };
		BB79A6E51DC079FD00E3072D /* wbNewFeatureController.m */ = {isa = PBXFileReference; fileEncoding = 4; lastKnownFileType = sourcecode.c.objc; path = wbNewFeatureController.m; sourceTree = "<group>"; };
		BB79A6E81DC079FD00E3072D /* wbNewFeatureCell.h */ = {isa = PBXFileReference; fileEncoding = 4; lastKnownFileType = sourcecode.c.h; path = wbNewFeatureCell.h; sourceTree = "<group>"; };
		BB79A6E91DC079FD00E3072D /* wbNewFeatureCell.m */ = {isa = PBXFileReference; fileEncoding = 4; lastKnownFileType = sourcecode.c.objc; path = wbNewFeatureCell.m; sourceTree = "<group>"; };
		BB80CD3F1DC835CD00D411D1 /* wbStatusParam.h */ = {isa = PBXFileReference; fileEncoding = 4; lastKnownFileType = sourcecode.c.h; path = wbStatusParam.h; sourceTree = "<group>"; };
		BB80CD401DC835CD00D411D1 /* wbStatusParam.m */ = {isa = PBXFileReference; fileEncoding = 4; lastKnownFileType = sourcecode.c.objc; path = wbStatusParam.m; sourceTree = "<group>"; };
		BB80CD421DC8362A00D411D1 /* wbStatusResult.h */ = {isa = PBXFileReference; fileEncoding = 4; lastKnownFileType = sourcecode.c.h; path = wbStatusResult.h; sourceTree = "<group>"; };
		BB80CD431DC8362A00D411D1 /* wbStatusResult.m */ = {isa = PBXFileReference; fileEncoding = 4; lastKnownFileType = sourcecode.c.objc; path = wbStatusResult.m; sourceTree = "<group>"; };
		BB80CD451DC8370E00D411D1 /* wbStatusTool.h */ = {isa = PBXFileReference; fileEncoding = 4; lastKnownFileType = sourcecode.c.h; path = wbStatusTool.h; sourceTree = "<group>"; };
		BB80CD461DC8370E00D411D1 /* wbStatusTool.m */ = {isa = PBXFileReference; fileEncoding = 4; lastKnownFileType = sourcecode.c.objc; path = wbStatusTool.m; sourceTree = "<group>"; };
		BB80CD491DC838CA00D411D1 /* wbHttpTool.h */ = {isa = PBXFileReference; fileEncoding = 4; lastKnownFileType = sourcecode.c.h; path = wbHttpTool.h; sourceTree = "<group>"; };
		BB80CD4A1DC838CA00D411D1 /* wbHttpTool.m */ = {isa = PBXFileReference; fileEncoding = 4; lastKnownFileType = sourcecode.c.objc; path = wbHttpTool.m; sourceTree = "<group>"; };
		BB80CD4D1DC842F400D411D1 /* wbAccountParam.h */ = {isa = PBXFileReference; fileEncoding = 4; lastKnownFileType = sourcecode.c.h; path = wbAccountParam.h; sourceTree = "<group>"; };
		BB80CD4E1DC842F400D411D1 /* wbAccountParam.m */ = {isa = PBXFileReference; fileEncoding = 4; lastKnownFileType = sourcecode.c.objc; path = wbAccountParam.m; sourceTree = "<group>"; };
		BBDD12AE1DC32C580007F145 /* wbAccount.h */ = {isa = PBXFileReference; fileEncoding = 4; lastKnownFileType = sourcecode.c.h; path = wbAccount.h; sourceTree = "<group>"; };
		BBDD12AF1DC32C580007F145 /* wbAccount.m */ = {isa = PBXFileReference; fileEncoding = 4; lastKnownFileType = sourcecode.c.objc; path = wbAccount.m; sourceTree = "<group>"; };
		BBDD12B41DC330540007F145 /* wbAccountTool.h */ = {isa = PBXFileReference; fileEncoding = 4; lastKnownFileType = sourcecode.c.h; path = wbAccountTool.h; sourceTree = "<group>"; };
		BBDD12B51DC330540007F145 /* wbAccountTool.m */ = {isa = PBXFileReference; fileEncoding = 4; lastKnownFileType = sourcecode.c.objc; path = wbAccountTool.m; sourceTree = "<group>"; };
		BBDD12B71DC3320C0007F145 /* wbRootTool.h */ = {isa = PBXFileReference; fileEncoding = 4; lastKnownFileType = sourcecode.c.h; path = wbRootTool.h; sourceTree = "<group>"; };
		BBDD12B81DC3320C0007F145 /* wbRootTool.m */ = {isa = PBXFileReference; fileEncoding = 4; lastKnownFileType = sourcecode.c.objc; path = wbRootTool.m; sourceTree = "<group>"; };
		BBE38CA91DB8970800BB4F35 /* wbNavigationController.h */ = {isa = PBXFileReference; fileEncoding = 4; lastKnownFileType = sourcecode.c.h; path = wbNavigationController.h; sourceTree = "<group>"; };
		BBE38CAA1DB8970800BB4F35 /* wbNavigationController.m */ = {isa = PBXFileReference; fileEncoding = 4; lastKnownFileType = sourcecode.c.objc; path = wbNavigationController.m; sourceTree = "<group>"; };
		BBE38CAC1DB897F900BB4F35 /* wbHomeViewController.h */ = {isa = PBXFileReference; fileEncoding = 4; lastKnownFileType = sourcecode.c.h; path = wbHomeViewController.h; sourceTree = "<group>"; };
		BBE38CAD1DB897F900BB4F35 /* wbHomeViewController.m */ = {isa = PBXFileReference; fileEncoding = 4; lastKnownFileType = sourcecode.c.objc; path = wbHomeViewController.m; sourceTree = "<group>"; };
		BBE38CAF1DB8981700BB4F35 /* wbDiscoverViewController.h */ = {isa = PBXFileReference; fileEncoding = 4; lastKnownFileType = sourcecode.c.h; path = wbDiscoverViewController.h; sourceTree = "<group>"; };
		BBE38CB01DB8981700BB4F35 /* wbDiscoverViewController.m */ = {isa = PBXFileReference; fileEncoding = 4; lastKnownFileType = sourcecode.c.objc; path = wbDiscoverViewController.m; sourceTree = "<group>"; };
		BBE38CB21DB8982C00BB4F35 /* wbMessageViewController.h */ = {isa = PBXFileReference; fileEncoding = 4; lastKnownFileType = sourcecode.c.h; path = wbMessageViewController.h; sourceTree = "<group>"; };
		BBE38CB31DB8982C00BB4F35 /* wbMessageViewController.m */ = {isa = PBXFileReference; fileEncoding = 4; lastKnownFileType = sourcecode.c.objc; path = wbMessageViewController.m; sourceTree = "<group>"; };
		BBE38CB51DB8983D00BB4F35 /* wbProfileViewController.h */ = {isa = PBXFileReference; fileEncoding = 4; lastKnownFileType = sourcecode.c.h; path = wbProfileViewController.h; sourceTree = "<group>"; };
		BBE38CB61DB8983D00BB4F35 /* wbProfileViewController.m */ = {isa = PBXFileReference; fileEncoding = 4; lastKnownFileType = sourcecode.c.objc; path = wbProfileViewController.m; sourceTree = "<group>"; };
		BBE38CB81DB8AD4200BB4F35 /* wbBadgeView.h */ = {isa = PBXFileReference; fileEncoding = 4; lastKnownFileType = sourcecode.c.h; path = wbBadgeView.h; sourceTree = "<group>"; };
		BBE38CB91DB8AD4200BB4F35 /* wbBadgeView.m */ = {isa = PBXFileReference; fileEncoding = 4; lastKnownFileType = sourcecode.c.objc; path = wbBadgeView.m; sourceTree = "<group>"; };
		BBE38CBB1DB8AFA700BB4F35 /* UIView+wbFrame.h */ = {isa = PBXFileReference; fileEncoding = 4; lastKnownFileType = sourcecode.c.h; path = "UIView+wbFrame.h"; sourceTree = "<group>"; };
		BBE38CBC1DB8AFA700BB4F35 /* UIView+wbFrame.m */ = {isa = PBXFileReference; fileEncoding = 4; lastKnownFileType = sourcecode.c.objc; path = "UIView+wbFrame.m"; sourceTree = "<group>"; };
		BBE38CBE1DB8B15600BB4F35 /* wbPrefixHeader.pch */ = {isa = PBXFileReference; lastKnownFileType = sourcecode.c.h; path = wbPrefixHeader.pch; sourceTree = "<group>"; };
		BBE38CBF1DB8BD5500BB4F35 /* wbTabBarButton.h */ = {isa = PBXFileReference; fileEncoding = 4; lastKnownFileType = sourcecode.c.h; path = wbTabBarButton.h; sourceTree = "<group>"; };
		BBE38CC01DB8BD5500BB4F35 /* wbTabBarButton.m */ = {isa = PBXFileReference; fileEncoding = 4; lastKnownFileType = sourcecode.c.objc; path = wbTabBarButton.m; sourceTree = "<group>"; };
		BBE38CC21DB9B60700BB4F35 /* UIBarButtonItem+wbItem.h */ = {isa = PBXFileReference; fileEncoding = 4; lastKnownFileType = sourcecode.c.h; path = "UIBarButtonItem+wbItem.h"; sourceTree = "<group>"; };
		BBE38CC31DB9B60700BB4F35 /* UIBarButtonItem+wbItem.m */ = {isa = PBXFileReference; fileEncoding = 4; lastKnownFileType = sourcecode.c.objc; path = "UIBarButtonItem+wbItem.m"; sourceTree = "<group>"; };
		BBE38CC51DB9B84A00BB4F35 /* wbTitleButton.h */ = {isa = PBXFileReference; fileEncoding = 4; lastKnownFileType = sourcecode.c.h; path = wbTitleButton.h; sourceTree = "<group>"; };
		BBE38CC61DB9B84A00BB4F35 /* wbTitleButton.m */ = {isa = PBXFileReference; fileEncoding = 4; lastKnownFileType = sourcecode.c.objc; path = wbTitleButton.m; sourceTree = "<group>"; };
		BBE38CC81DB9BC7300BB4F35 /* wbCover.h */ = {isa = PBXFileReference; fileEncoding = 4; lastKnownFileType = sourcecode.c.h; path = wbCover.h; sourceTree = "<group>"; };
		BBE38CC91DB9BC7300BB4F35 /* wbCover.m */ = {isa = PBXFileReference; fileEncoding = 4; lastKnownFileType = sourcecode.c.objc; path = wbCover.m; sourceTree = "<group>"; };
		BBE38CCB1DB9C06800BB4F35 /* wbPopMenu.h */ = {isa = PBXFileReference; fileEncoding = 4; lastKnownFileType = sourcecode.c.h; path = wbPopMenu.h; sourceTree = "<group>"; };
		BBE38CCC1DB9C06800BB4F35 /* wbPopMenu.m */ = {isa = PBXFileReference; fileEncoding = 4; lastKnownFileType = sourcecode.c.objc; path = wbPopMenu.m; sourceTree = "<group>"; };
		BBE38CCE1DB9C1E700BB4F35 /* wbOneViewController.h */ = {isa = PBXFileReference; fileEncoding = 4; lastKnownFileType = sourcecode.c.h; path = wbOneViewController.h; sourceTree = "<group>"; };
		BBE38CCF1DB9C1E700BB4F35 /* wbOneViewController.m */ = {isa = PBXFileReference; fileEncoding = 4; lastKnownFileType = sourcecode.c.objc; path = wbOneViewController.m; sourceTree = "<group>"; };
		BBE38CD11DBA1AF700BB4F35 /* wbSearchBar.h */ = {isa = PBXFileReference; fileEncoding = 4; lastKnownFileType = sourcecode.c.h; path = wbSearchBar.h; sourceTree = "<group>"; };
		BBE38CD21DBA1AF700BB4F35 /* wbSearchBar.m */ = {isa = PBXFileReference; fileEncoding = 4; lastKnownFileType = sourcecode.c.objc; path = wbSearchBar.m; sourceTree = "<group>"; };
		BBE637E61DC191EF009C0CDC /* wbOAuthViewController.h */ = {isa = PBXFileReference; fileEncoding = 4; lastKnownFileType = sourcecode.c.h; path = wbOAuthViewController.h; sourceTree = "<group>"; };
		BBE637E71DC191EF009C0CDC /* wbOAuthViewController.m */ = {isa = PBXFileReference; fileEncoding = 4; lastKnownFileType = sourcecode.c.objc; path = wbOAuthViewController.m; sourceTree = "<group>"; };
		BBF001731DB5F6DA0099BD50 /* weibo.app */ = {isa = PBXFileReference; explicitFileType = wrapper.application; includeInIndex = 0; path = weibo.app; sourceTree = BUILT_PRODUCTS_DIR; };
		BBF001821DB5F6DA0099BD50 /* Assets.xcassets */ = {isa = PBXFileReference; lastKnownFileType = folder.assetcatalog; path = Assets.xcassets; sourceTree = "<group>"; };
		BBF001851DB5F6DA0099BD50 /* Base */ = {isa = PBXFileReference; lastKnownFileType = file.storyboard; name = Base; path = Base.lproj/LaunchScreen.storyboard; sourceTree = "<group>"; };
		BBF001871DB5F6DA0099BD50 /* Info.plist */ = {isa = PBXFileReference; lastKnownFileType = text.plist.xml; path = Info.plist; sourceTree = "<group>"; };
		BBF001A01DB5F8ED0099BD50 /* AppDelegate.h */ = {isa = PBXFileReference; fileEncoding = 4; lastKnownFileType = sourcecode.c.h; path = AppDelegate.h; sourceTree = "<group>"; };
		BBF001A11DB5F8ED0099BD50 /* AppDelegate.m */ = {isa = PBXFileReference; fileEncoding = 4; lastKnownFileType = sourcecode.c.objc; path = AppDelegate.m; sourceTree = "<group>"; };
		BBF001A31DB5F8ED0099BD50 /* main.m */ = {isa = PBXFileReference; fileEncoding = 4; lastKnownFileType = sourcecode.c.objc; path = main.m; sourceTree = "<group>"; };
		BBF001AE1DB5FEC60099BD50 /* wbTabBarController.h */ = {isa = PBXFileReference; fileEncoding = 4; lastKnownFileType = sourcecode.c.h; path = wbTabBarController.h; sourceTree = "<group>"; };
		BBF001AF1DB5FEC60099BD50 /* wbTabBarController.m */ = {isa = PBXFileReference; fileEncoding = 4; lastKnownFileType = sourcecode.c.objc; path = wbTabBarController.m; sourceTree = "<group>"; };
		BBF001B11DB603E60099BD50 /* UIImage+wbImage.h */ = {isa = PBXFileReference; fileEncoding = 4; lastKnownFileType = sourcecode.c.h; path = "UIImage+wbImage.h"; sourceTree = "<group>"; };
		BBF001B21DB603E60099BD50 /* UIImage+wbImage.m */ = {isa = PBXFileReference; fileEncoding = 4; lastKnownFileType = sourcecode.c.objc; path = "UIImage+wbImage.m"; sourceTree = "<group>"; };
		BBF001B41DB6051D0099BD50 /* wbTabBar.h */ = {isa = PBXFileReference; fileEncoding = 4; lastKnownFileType = sourcecode.c.h; path = wbTabBar.h; sourceTree = "<group>"; };
		BBF001B51DB6051D0099BD50 /* wbTabBar.m */ = {isa = PBXFileReference; fileEncoding = 4; lastKnownFileType = sourcecode.c.objc; path = wbTabBar.m; sourceTree = "<group>"; };
		BBF001B81DB60B720099BD50 /* UIKit.framework */ = {isa = PBXFileReference; lastKnownFileType = wrapper.framework; name = UIKit.framework; path = System/Library/Frameworks/UIKit.framework; sourceTree = SDKROOT; };
/* End PBXFileReference section */

/* Begin PBXFrameworksBuildPhase section */
		BBF001701DB5F6DA0099BD50 /* Frameworks */ = {
			isa = PBXFrameworksBuildPhase;
			buildActionMask = 2147483647;
			files = (
				BB186E061DC985170063A3DD /* AVFoundation.framework in Frameworks */,
				BBF001B91DB60B720099BD50 /* UIKit.framework in Frameworks */,
				305946AABDB5BCED936CF83A /* libPods-weibo.a in Frameworks */,
			);
			runOnlyForDeploymentPostprocessing = 0;
		};
/* End PBXFrameworksBuildPhase section */

/* Begin PBXGroup section */
		56C45A7E13A0BF7D19A3C896 /* Pods */ = {
			isa = PBXGroup;
			children = (
				AC8A3D61E800337767193188 /* Pods-weibo.debug.xcconfig */,
				63DCC574F5467D727EB917A0 /* Pods-weibo.release.xcconfig */,
			);
			name = Pods;
			sourceTree = "<group>";
		};
		BB1671D61DC722E000455648 /* Model */ = {
			isa = PBXGroup;
			children = (
				BB61956A1DCC29A50038664A /* ViewModel */,
				BB1671D71DC722EF00455648 /* wbStatus.h */,
				BB1671D81DC722EF00455648 /* wbStatus.m */,
				BB1671DA1DC7230500455648 /* wbUser.h */,
				BB1671DB1DC7230500455648 /* wbUser.m */,
				BB1671DD1DC7230F00455648 /* wbPhoto.h */,
				BB1671DE1DC7230F00455648 /* wbPhoto.m */,
			);
			path = Model;
			sourceTree = "<group>";
		};
		BB186DF51DC97D200063A3DD /* Param */ = {
			isa = PBXGroup;
			children = (
				BB186DF61DC97D2F0063A3DD /* wbBaseParam.h */,
				BB186DF71DC97D2F0063A3DD /* wbBaseParam.m */,
			);
			path = Param;
			sourceTree = "<group>";
		};
		BB186DF91DC97EFC0063A3DD /* User */ = {
			isa = PBXGroup;
			children = (
				BB186DFA1DC97EFC0063A3DD /* Param */,
				BB186DFB1DC97EFC0063A3DD /* Result */,
				BB186E021DC97FBB0063A3DD /* wbUserTool.h */,
				BB186E031DC97FBB0063A3DD /* wbUserTool.m */,
			);
			path = User;
			sourceTree = "<group>";
		};
		BB186DFA1DC97EFC0063A3DD /* Param */ = {
			isa = PBXGroup;
			children = (
				BB186DFC1DC97F1F0063A3DD /* wbUserParam.h */,
				BB186DFD1DC97F1F0063A3DD /* wbUserParam.m */,
			);
			path = Param;
			sourceTree = "<group>";
		};
		BB186DFB1DC97EFC0063A3DD /* Result */ = {
			isa = PBXGroup;
			children = (
				BB186DFF1DC97F640063A3DD /* wbUserResult.h */,
				BB186E001DC97F640063A3DD /* wbUserResult.m */,
			);
			path = Result;
			sourceTree = "<group>";
		};
		BB186E071DC9861D0063A3DD /* Mp3 */ = {
			isa = PBXGroup;
			children = (
				BB186E081DC9861D0063A3DD /* silence.mp3 */,
				BB186E091DC9861D0063A3DD /* 爸比我要喝奶奶.mp3 */,
			);
			name = Mp3;
			path = "../../../../Movies/微博项目/微博04/代码/04-账号未读数工具类封装/传智微博/Mp3";
			sourceTree = "<group>";
		};
		BB4C7C741DC2014000FCDEDA /* Lib */ = {
			isa = PBXGroup;
			children = (
				BB4C7C751DC2014000FCDEDA /* AFNetworking */,
				BB4C7C891DC2014000FCDEDA /* MBProgressHUD */,
				BB4C7C8F1DC2014000FCDEDA /* MJExtension */,
				BB4C7C9F1DC2014000FCDEDA /* MJRefresh */,
				BB4C7CB01DC2014000FCDEDA /* SDWebImage */,
			);
			path = Lib;
			sourceTree = "<group>";
		};
		BB4C7C751DC2014000FCDEDA /* AFNetworking */ = {
			isa = PBXGroup;
			children = (
				BB4C7C761DC2014000FCDEDA /* AFHTTPRequestOperation.h */,
				BB4C7C771DC2014000FCDEDA /* AFHTTPRequestOperation.m */,
				BB4C7C781DC2014000FCDEDA /* AFHTTPRequestOperationManager.h */,
				BB4C7C791DC2014000FCDEDA /* AFHTTPRequestOperationManager.m */,
				BB4C7C7A1DC2014000FCDEDA /* AFHTTPSessionManager.h */,
				BB4C7C7B1DC2014000FCDEDA /* AFHTTPSessionManager.m */,
				BB4C7C7C1DC2014000FCDEDA /* AFNetworking.h */,
				BB4C7C7D1DC2014000FCDEDA /* AFNetworkReachabilityManager.h */,
				BB4C7C7E1DC2014000FCDEDA /* AFNetworkReachabilityManager.m */,
				BB4C7C7F1DC2014000FCDEDA /* AFSecurityPolicy.h */,
				BB4C7C801DC2014000FCDEDA /* AFSecurityPolicy.m */,
				BB4C7C811DC2014000FCDEDA /* AFURLConnectionOperation.h */,
				BB4C7C821DC2014000FCDEDA /* AFURLConnectionOperation.m */,
				BB4C7C831DC2014000FCDEDA /* AFURLRequestSerialization.h */,
				BB4C7C841DC2014000FCDEDA /* AFURLRequestSerialization.m */,
				BB4C7C851DC2014000FCDEDA /* AFURLResponseSerialization.h */,
				BB4C7C861DC2014000FCDEDA /* AFURLResponseSerialization.m */,
				BB4C7C871DC2014000FCDEDA /* AFURLSessionManager.h */,
				BB4C7C881DC2014000FCDEDA /* AFURLSessionManager.m */,
			);
			path = AFNetworking;
			sourceTree = "<group>";
		};
		BB4C7C891DC2014000FCDEDA /* MBProgressHUD */ = {
			isa = PBXGroup;
			children = (
				BB4C7C8A1DC2014000FCDEDA /* MBProgressHUD+MJ.h */,
				BB4C7C8B1DC2014000FCDEDA /* MBProgressHUD+MJ.m */,
				BB4C7C8C1DC2014000FCDEDA /* MBProgressHUD.bundle */,
				BB4C7C8D1DC2014000FCDEDA /* MBProgressHUD.h */,
				BB4C7C8E1DC2014000FCDEDA /* MBProgressHUD.m */,
			);
			path = MBProgressHUD;
			sourceTree = "<group>";
		};
		BB4C7C8F1DC2014000FCDEDA /* MJExtension */ = {
			isa = PBXGroup;
			children = (
				BB4C7C901DC2014000FCDEDA /* MJConst.h */,
				BB4C7C911DC2014000FCDEDA /* MJConst.m */,
				BB4C7C921DC2014000FCDEDA /* MJExtension.h */,
				BB4C7C931DC2014000FCDEDA /* MJFoundation.h */,
				BB4C7C941DC2014000FCDEDA /* MJFoundation.m */,
				BB4C7C951DC2014000FCDEDA /* MJIvar.h */,
				BB4C7C961DC2014000FCDEDA /* MJIvar.m */,
				BB4C7C971DC2014000FCDEDA /* MJType.h */,
				BB4C7C981DC2014000FCDEDA /* MJType.m */,
				BB4C7C991DC2014000FCDEDA /* NSObject+MJCoding.h */,
				BB4C7C9A1DC2014000FCDEDA /* NSObject+MJCoding.m */,
				BB4C7C9B1DC2014000FCDEDA /* NSObject+MJIvar.h */,
				BB4C7C9C1DC2014000FCDEDA /* NSObject+MJIvar.m */,
				BB4C7C9D1DC2014000FCDEDA /* NSObject+MJKeyValue.h */,
				BB4C7C9E1DC2014000FCDEDA /* NSObject+MJKeyValue.m */,
			);
			path = MJExtension;
			sourceTree = "<group>";
		};
		BB4C7C9F1DC2014000FCDEDA /* MJRefresh */ = {
			isa = PBXGroup;
			children = (
				BB4C7CA01DC2014000FCDEDA /* MJRefresh.bundle */,
				BB4C7CA11DC2014000FCDEDA /* MJRefresh.h */,
				BB4C7CA21DC2014000FCDEDA /* MJRefreshBaseView.h */,
				BB4C7CA31DC2014000FCDEDA /* MJRefreshBaseView.m */,
				BB4C7CA41DC2014000FCDEDA /* MJRefreshConst.h */,
				BB4C7CA51DC2014000FCDEDA /* MJRefreshConst.m */,
				BB4C7CA61DC2014000FCDEDA /* MJRefreshFooterView.h */,
				BB4C7CA71DC2014000FCDEDA /* MJRefreshFooterView.m */,
				BB4C7CA81DC2014000FCDEDA /* MJRefreshHeaderView.h */,
				BB4C7CA91DC2014000FCDEDA /* MJRefreshHeaderView.m */,
				BB4C7CAA1DC2014000FCDEDA /* UIScrollView+MJExtension.h */,
				BB4C7CAB1DC2014000FCDEDA /* UIScrollView+MJExtension.m */,
				BB4C7CAC1DC2014000FCDEDA /* UIScrollView+MJRefresh.h */,
				BB4C7CAD1DC2014000FCDEDA /* UIScrollView+MJRefresh.m */,
				BB4C7CAE1DC2014000FCDEDA /* UIView+MJExtension.h */,
				BB4C7CAF1DC2014000FCDEDA /* UIView+MJExtension.m */,
			);
			path = MJRefresh;
			sourceTree = "<group>";
		};
		BB4C7CB01DC2014000FCDEDA /* SDWebImage */ = {
			isa = PBXGroup;
			children = (
				BB4C7CB11DC2014000FCDEDA /* MKAnnotationView+WebCache.h */,
				BB4C7CB21DC2014000FCDEDA /* MKAnnotationView+WebCache.m */,
				BB4C7CB31DC2014000FCDEDA /* NSData+ImageContentType.h */,
				BB4C7CB41DC2014000FCDEDA /* NSData+ImageContentType.m */,
				BB4C7CB51DC2014000FCDEDA /* SDImageCache.h */,
				BB4C7CB61DC2014000FCDEDA /* SDImageCache.m */,
				BB4C7CB71DC2014000FCDEDA /* SDWebImageCompat.h */,
				BB4C7CB81DC2014000FCDEDA /* SDWebImageCompat.m */,
				BB4C7CB91DC2014000FCDEDA /* SDWebImageDecoder.h */,
				BB4C7CBA1DC2014000FCDEDA /* SDWebImageDecoder.m */,
				BB4C7CBB1DC2014000FCDEDA /* SDWebImageDownloader.h */,
				BB4C7CBC1DC2014000FCDEDA /* SDWebImageDownloader.m */,
				BB4C7CBD1DC2014000FCDEDA /* SDWebImageDownloaderOperation.h */,
				BB4C7CBE1DC2014000FCDEDA /* SDWebImageDownloaderOperation.m */,
				BB4C7CBF1DC2014000FCDEDA /* SDWebImageManager.h */,
				BB4C7CC01DC2014000FCDEDA /* SDWebImageManager.m */,
				BB4C7CC11DC2014000FCDEDA /* SDWebImageOperation.h */,
				BB4C7CC21DC2014000FCDEDA /* SDWebImagePrefetcher.h */,
				BB4C7CC31DC2014000FCDEDA /* SDWebImagePrefetcher.m */,
				BB4C7CC41DC2014000FCDEDA /* UIButton+WebCache.h */,
				BB4C7CC51DC2014000FCDEDA /* UIButton+WebCache.m */,
				BB4C7CC61DC2014000FCDEDA /* UIImage+GIF.h */,
				BB4C7CC71DC2014000FCDEDA /* UIImage+GIF.m */,
				BB4C7CC81DC2014000FCDEDA /* UIImage+MultiFormat.h */,
				BB4C7CC91DC2014000FCDEDA /* UIImage+MultiFormat.m */,
				BB4C7CCA1DC2014000FCDEDA /* UIImage+WebP.h */,
				BB4C7CCB1DC2014000FCDEDA /* UIImage+WebP.m */,
				BB4C7CCC1DC2014000FCDEDA /* UIImageView+HighlightedWebCache.h */,
				BB4C7CCD1DC2014000FCDEDA /* UIImageView+HighlightedWebCache.m */,
				BB4C7CCE1DC2014000FCDEDA /* UIImageView+WebCache.h */,
				BB4C7CCF1DC2014000FCDEDA /* UIImageView+WebCache.m */,
				BB4C7CD01DC2014000FCDEDA /* UIView+WebCacheOperation.h */,
				BB4C7CD11DC2014000FCDEDA /* UIView+WebCacheOperation.m */,
			);
			path = SDWebImage;
			sourceTree = "<group>";
		};
		BB61956A1DCC29A50038664A /* ViewModel */ = {
			isa = PBXGroup;
			children = (
				BB61956B1DCC29CE0038664A /* wbStatusFrame.h */,
				BB61956C1DCC29CE0038664A /* wbStatusFrame.m */,
			);
			path = ViewModel;
			sourceTree = "<group>";
		};
		BB61956E1DCC2F4F0038664A /* Cell */ = {
			isa = PBXGroup;
			children = (
				BB61956F1DCC2F780038664A /* wbStatusCell.h */,
				BB6195701DCC2F780038664A /* wbStatusCell.m */,
				BB6195721DCC31C30038664A /* wbOriginalView.h */,
				BB6195731DCC31C30038664A /* wbOriginalView.m */,
				BB6195751DCC33BD0038664A /* wbRetweetView.h */,
				BB6195761DCC33BD0038664A /* wbRetweetView.m */,
				BB6195781DCC35000038664A /* wbStatusToolBar.h */,
				BB6195791DCC35000038664A /* wbStatusToolBar.m */,
			);
			path = Cell;
			sourceTree = "<group>";
		};
		BB79A6E21DC079FD00E3072D /* NewFeature */ = {
			isa = PBXGroup;
			children = (
				BB79A6E31DC079FD00E3072D /* Controller */,
				BB79A6E61DC079FD00E3072D /* Model */,
				BB79A6E71DC079FD00E3072D /* View */,
			);
			path = NewFeature;
			sourceTree = "<group>";
		};
		BB79A6E31DC079FD00E3072D /* Controller */ = {
			isa = PBXGroup;
			children = (
				BB79A6E41DC079FD00E3072D /* wbNewFeatureController.h */,
				BB79A6E51DC079FD00E3072D /* wbNewFeatureController.m */,
			);
			path = Controller;
			sourceTree = "<group>";
		};
		BB79A6E61DC079FD00E3072D /* Model */ = {
			isa = PBXGroup;
			children = (
			);
			path = Model;
			sourceTree = "<group>";
		};
		BB79A6E71DC079FD00E3072D /* View */ = {
			isa = PBXGroup;
			children = (
				BB79A6E81DC079FD00E3072D /* wbNewFeatureCell.h */,
				BB79A6E91DC079FD00E3072D /* wbNewFeatureCell.m */,
			);
			path = View;
			sourceTree = "<group>";
		};
		BB80CD3C1DC835AE00D411D1 /* Status */ = {
			isa = PBXGroup;
			children = (
				BB80CD3D1DC835AE00D411D1 /* Param */,
				BB80CD3E1DC835AE00D411D1 /* Result */,
				BB80CD451DC8370E00D411D1 /* wbStatusTool.h */,
				BB80CD461DC8370E00D411D1 /* wbStatusTool.m */,
			);
			path = Status;
			sourceTree = "<group>";
		};
		BB80CD3D1DC835AE00D411D1 /* Param */ = {
			isa = PBXGroup;
			children = (
				BB80CD3F1DC835CD00D411D1 /* wbStatusParam.h */,
				BB80CD401DC835CD00D411D1 /* wbStatusParam.m */,
			);
			path = Param;
			sourceTree = "<group>";
		};
		BB80CD3E1DC835AE00D411D1 /* Result */ = {
			isa = PBXGroup;
			children = (
				BB80CD421DC8362A00D411D1 /* wbStatusResult.h */,
				BB80CD431DC8362A00D411D1 /* wbStatusResult.m */,
			);
			path = Result;
			sourceTree = "<group>";
		};
		BB80CD481DC8389700D411D1 /* Http */ = {
			isa = PBXGroup;
			children = (
				BB80CD491DC838CA00D411D1 /* wbHttpTool.h */,
				BB80CD4A1DC838CA00D411D1 /* wbHttpTool.m */,
			);
			path = Http;
			sourceTree = "<group>";
		};
		BB80CD4C1DC842DD00D411D1 /* Param */ = {
			isa = PBXGroup;
			children = (
				BB80CD4D1DC842F400D411D1 /* wbAccountParam.h */,
				BB80CD4E1DC842F400D411D1 /* wbAccountParam.m */,
			);
			path = Param;
			sourceTree = "<group>";
		};
		BBDD12B11DC3303D0007F145 /* Tool */ = {
			isa = PBXGroup;
			children = (
				BB186DF91DC97EFC0063A3DD /* User */,
				BB186DF51DC97D200063A3DD /* Param */,
				BB80CD481DC8389700D411D1 /* Http */,
				BB80CD3C1DC835AE00D411D1 /* Status */,
				BBDD12B21DC3303D0007F145 /* Account */,
				BBDD12B31DC3303D0007F145 /* Root */,
			);
			path = Tool;
			sourceTree = "<group>";
		};
		BBDD12B21DC3303D0007F145 /* Account */ = {
			isa = PBXGroup;
			children = (
				BB80CD4C1DC842DD00D411D1 /* Param */,
				BBDD12B41DC330540007F145 /* wbAccountTool.h */,
				BBDD12B51DC330540007F145 /* wbAccountTool.m */,
			);
			path = Account;
			sourceTree = "<group>";
		};
		BBDD12B31DC3303D0007F145 /* Root */ = {
			isa = PBXGroup;
			children = (
				BBDD12B71DC3320C0007F145 /* wbRootTool.h */,
				BBDD12B81DC3320C0007F145 /* wbRootTool.m */,
			);
			path = Root;
			sourceTree = "<group>";
		};
		BBE637E21DC191CC009C0CDC /* OAuth */ = {
			isa = PBXGroup;
			children = (
				BBE637E31DC191CC009C0CDC /* Controller */,
				BBE637E41DC191CC009C0CDC /* Model */,
				BBE637E51DC191CC009C0CDC /* View */,
			);
			path = OAuth;
			sourceTree = "<group>";
		};
		BBE637E31DC191CC009C0CDC /* Controller */ = {
			isa = PBXGroup;
			children = (
				BBE637E61DC191EF009C0CDC /* wbOAuthViewController.h */,
				BBE637E71DC191EF009C0CDC /* wbOAuthViewController.m */,
			);
			path = Controller;
			sourceTree = "<group>";
		};
		BBE637E41DC191CC009C0CDC /* Model */ = {
			isa = PBXGroup;
			children = (
				BBDD12AE1DC32C580007F145 /* wbAccount.h */,
				BBDD12AF1DC32C580007F145 /* wbAccount.m */,
			);
			path = Model;
			sourceTree = "<group>";
		};
		BBE637E51DC191CC009C0CDC /* View */ = {
			isa = PBXGroup;
			children = (
			);
			path = View;
			sourceTree = "<group>";
		};
		BBF0016A1DB5F6DA0099BD50 = {
			isa = PBXGroup;
			children = (
				BBF001751DB5F6DA0099BD50 /* weibo */,
				BBF001741DB5F6DA0099BD50 /* Products */,
				BBF001B71DB60B720099BD50 /* Frameworks */,
				56C45A7E13A0BF7D19A3C896 /* Pods */,
			);
			sourceTree = "<group>";
		};
		BBF001741DB5F6DA0099BD50 /* Products */ = {
			isa = PBXGroup;
			children = (
				BBF001731DB5F6DA0099BD50 /* weibo.app */,
			);
			name = Products;
			sourceTree = "<group>";
		};
		BBF001751DB5F6DA0099BD50 /* weibo */ = {
			isa = PBXGroup;
			children = (
				BBF0018E1DB5F8ED0099BD50 /* Classes */,
				BBF001821DB5F6DA0099BD50 /* Assets.xcassets */,
				BBF001841DB5F6DA0099BD50 /* LaunchScreen.storyboard */,
				BBF001761DB5F6DA0099BD50 /* Supporting Files */,
			);
			path = weibo;
			sourceTree = "<group>";
		};
		BBF001761DB5F6DA0099BD50 /* Supporting Files */ = {
			isa = PBXGroup;
			children = (
				BB186E071DC9861D0063A3DD /* Mp3 */,
				BBF001871DB5F6DA0099BD50 /* Info.plist */,
			);
			name = "Supporting Files";
			sourceTree = "<group>";
		};
		BBF0018E1DB5F8ED0099BD50 /* Classes */ = {
			isa = PBXGroup;
			children = (
				BBDD12B11DC3303D0007F145 /* Tool */,
				BBE637E21DC191CC009C0CDC /* OAuth */,
				BB79A6E21DC079FD00E3072D /* NewFeature */,
				BBF0018F1DB5F8ED0099BD50 /* Discover */,
				BBF001931DB5F8ED0099BD50 /* Home */,
				BBF001971DB5F8ED0099BD50 /* Main */,
				BBF0019B1DB5F8ED0099BD50 /* Message */,
				BBF0019F1DB5F8ED0099BD50 /* Other */,
				BBF001A41DB5F8ED0099BD50 /* Profile */,
			);
			path = Classes;
			sourceTree = "<group>";
		};
		BBF0018F1DB5F8ED0099BD50 /* Discover */ = {
			isa = PBXGroup;
			children = (
				BBF001901DB5F8ED0099BD50 /* Controller */,
				BBF001911DB5F8ED0099BD50 /* Model */,
				BBF001921DB5F8ED0099BD50 /* View */,
			);
			path = Discover;
			sourceTree = "<group>";
		};
		BBF001901DB5F8ED0099BD50 /* Controller */ = {
			isa = PBXGroup;
			children = (
				BBE38CAF1DB8981700BB4F35 /* wbDiscoverViewController.h */,
				BBE38CB01DB8981700BB4F35 /* wbDiscoverViewController.m */,
			);
			path = Controller;
			sourceTree = "<group>";
		};
		BBF001911DB5F8ED0099BD50 /* Model */ = {
			isa = PBXGroup;
			children = (
			);
			path = Model;
			sourceTree = "<group>";
		};
		BBF001921DB5F8ED0099BD50 /* View */ = {
			isa = PBXGroup;
			children = (
				BBE38CD11DBA1AF700BB4F35 /* wbSearchBar.h */,
				BBE38CD21DBA1AF700BB4F35 /* wbSearchBar.m */,
			);
			path = View;
			sourceTree = "<group>";
		};
		BBF001931DB5F8ED0099BD50 /* Home */ = {
			isa = PBXGroup;
			children = (
				BBF001941DB5F8ED0099BD50 /* Controller */,
				BB1671D61DC722E000455648 /* Model */,
				BBF001961DB5F8ED0099BD50 /* View */,
			);
			path = Home;
			sourceTree = "<group>";
		};
		BBF001941DB5F8ED0099BD50 /* Controller */ = {
			isa = PBXGroup;
			children = (
				BBE38CAC1DB897F900BB4F35 /* wbHomeViewController.h */,
				BBE38CAD1DB897F900BB4F35 /* wbHomeViewController.m */,
				BBE38CCE1DB9C1E700BB4F35 /* wbOneViewController.h */,
				BBE38CCF1DB9C1E700BB4F35 /* wbOneViewController.m */,
			);
			path = Controller;
			sourceTree = "<group>";
		};
		BBF001961DB5F8ED0099BD50 /* View */ = {
			isa = PBXGroup;
			children = (
				BB61956E1DCC2F4F0038664A /* Cell */,
				BBE38CC51DB9B84A00BB4F35 /* wbTitleButton.h */,
				BBE38CC61DB9B84A00BB4F35 /* wbTitleButton.m */,
				BBE38CC81DB9BC7300BB4F35 /* wbCover.h */,
				BBE38CC91DB9BC7300BB4F35 /* wbCover.m */,
				BBE38CCB1DB9C06800BB4F35 /* wbPopMenu.h */,
				BBE38CCC1DB9C06800BB4F35 /* wbPopMenu.m */,
			);
			path = View;
			sourceTree = "<group>";
		};
		BBF001971DB5F8ED0099BD50 /* Main */ = {
			isa = PBXGroup;
			children = (
				BBF001981DB5F8ED0099BD50 /* Controller */,
				BBF001991DB5F8ED0099BD50 /* Model */,
				BBF0019A1DB5F8ED0099BD50 /* View */,
			);
			path = Main;
			sourceTree = "<group>";
		};
		BBF001981DB5F8ED0099BD50 /* Controller */ = {
			isa = PBXGroup;
			children = (
				BBF001AE1DB5FEC60099BD50 /* wbTabBarController.h */,
				BBF001AF1DB5FEC60099BD50 /* wbTabBarController.m */,
				BBE38CA91DB8970800BB4F35 /* wbNavigationController.h */,
				BBE38CAA1DB8970800BB4F35 /* wbNavigationController.m */,
			);
			path = Controller;
			sourceTree = "<group>";
		};
		BBF001991DB5F8ED0099BD50 /* Model */ = {
			isa = PBXGroup;
			children = (
			);
			path = Model;
			sourceTree = "<group>";
		};
		BBF0019A1DB5F8ED0099BD50 /* View */ = {
			isa = PBXGroup;
			children = (
				BBF001B41DB6051D0099BD50 /* wbTabBar.h */,
				BBF001B51DB6051D0099BD50 /* wbTabBar.m */,
				BBE38CBF1DB8BD5500BB4F35 /* wbTabBarButton.h */,
				BBE38CC01DB8BD5500BB4F35 /* wbTabBarButton.m */,
				BBE38CB81DB8AD4200BB4F35 /* wbBadgeView.h */,
				BBE38CB91DB8AD4200BB4F35 /* wbBadgeView.m */,
			);
			path = View;
			sourceTree = "<group>";
		};
		BBF0019B1DB5F8ED0099BD50 /* Message */ = {
			isa = PBXGroup;
			children = (
				BBF0019C1DB5F8ED0099BD50 /* Controller */,
				BBF0019D1DB5F8ED0099BD50 /* Model */,
				BBF0019E1DB5F8ED0099BD50 /* View */,
			);
			path = Message;
			sourceTree = "<group>";
		};
		BBF0019C1DB5F8ED0099BD50 /* Controller */ = {
			isa = PBXGroup;
			children = (
				BBE38CB21DB8982C00BB4F35 /* wbMessageViewController.h */,
				BBE38CB31DB8982C00BB4F35 /* wbMessageViewController.m */,
			);
			path = Controller;
			sourceTree = "<group>";
		};
		BBF0019D1DB5F8ED0099BD50 /* Model */ = {
			isa = PBXGroup;
			children = (
			);
			path = Model;
			sourceTree = "<group>";
		};
		BBF0019E1DB5F8ED0099BD50 /* View */ = {
			isa = PBXGroup;
			children = (
			);
			path = View;
			sourceTree = "<group>";
		};
		BBF0019F1DB5F8ED0099BD50 /* Other */ = {
			isa = PBXGroup;
			children = (
				BB4C7C741DC2014000FCDEDA /* Lib */,
				BBF001A01DB5F8ED0099BD50 /* AppDelegate.h */,
				BBF001A11DB5F8ED0099BD50 /* AppDelegate.m */,
				BBF001A21DB5F8ED0099BD50 /* Category */,
				BBF001A31DB5F8ED0099BD50 /* main.m */,
				BBE38CBE1DB8B15600BB4F35 /* wbPrefixHeader.pch */,
			);
			path = Other;
			sourceTree = "<group>";
		};
		BBF001A21DB5F8ED0099BD50 /* Category */ = {
			isa = PBXGroup;
			children = (
				BBF001B11DB603E60099BD50 /* UIImage+wbImage.h */,
				BBF001B21DB603E60099BD50 /* UIImage+wbImage.m */,
				BBE38CBB1DB8AFA700BB4F35 /* UIView+wbFrame.h */,
				BBE38CBC1DB8AFA700BB4F35 /* UIView+wbFrame.m */,
				BBE38CC21DB9B60700BB4F35 /* UIBarButtonItem+wbItem.h */,
				BBE38CC31DB9B60700BB4F35 /* UIBarButtonItem+wbItem.m */,
			);
			path = Category;
			sourceTree = "<group>";
		};
		BBF001A41DB5F8ED0099BD50 /* Profile */ = {
			isa = PBXGroup;
			children = (
				BBF001A51DB5F8ED0099BD50 /* Controller */,
				BBF001A61DB5F8ED0099BD50 /* Model */,
				BBF001A71DB5F8ED0099BD50 /* View */,
			);
			path = Profile;
			sourceTree = "<group>";
		};
		BBF001A51DB5F8ED0099BD50 /* Controller */ = {
			isa = PBXGroup;
			children = (
				BBE38CB51DB8983D00BB4F35 /* wbProfileViewController.h */,
				BBE38CB61DB8983D00BB4F35 /* wbProfileViewController.m */,
			);
			path = Controller;
			sourceTree = "<group>";
		};
		BBF001A61DB5F8ED0099BD50 /* Model */ = {
			isa = PBXGroup;
			children = (
			);
			path = Model;
			sourceTree = "<group>";
		};
		BBF001A71DB5F8ED0099BD50 /* View */ = {
			isa = PBXGroup;
			children = (
			);
			path = View;
			sourceTree = "<group>";
		};
		BBF001B71DB60B720099BD50 /* Frameworks */ = {
			isa = PBXGroup;
			children = (
				BB186E051DC985170063A3DD /* AVFoundation.framework */,
				BBF001B81DB60B720099BD50 /* UIKit.framework */,
				1E2AB5EA4C28C077D1C4925D /* libPods-weibo.a */,
			);
			name = Frameworks;
			sourceTree = "<group>";
		};
/* End PBXGroup section */

/* Begin PBXNativeTarget section */
		BBF001721DB5F6DA0099BD50 /* weibo */ = {
			isa = PBXNativeTarget;
			buildConfigurationList = BBF0018A1DB5F6DA0099BD50 /* Build configuration list for PBXNativeTarget "weibo" */;
			buildPhases = (
				0930BAEE7E51BDC777BA1603 /* [CP] Check Pods Manifest.lock */,
				BBF0016F1DB5F6DA0099BD50 /* Sources */,
				BBF001701DB5F6DA0099BD50 /* Frameworks */,
				BBF001711DB5F6DA0099BD50 /* Resources */,
				E811D60D8171357312E8E1E3 /* [CP] Embed Pods Frameworks */,
				412B91198FE6B811297FE6FA /* [CP] Copy Pods Resources */,
			);
			buildRules = (
			);
			dependencies = (
			);
			name = weibo;
			productName = weibo;
			productReference = BBF001731DB5F6DA0099BD50 /* weibo.app */;
			productType = "com.apple.product-type.application";
		};
/* End PBXNativeTarget section */

/* Begin PBXProject section */
		BBF0016B1DB5F6DA0099BD50 /* Project object */ = {
			isa = PBXProject;
			attributes = {
				CLASSPREFIX = wb;
				LastUpgradeCheck = 0800;
				ORGANIZATIONNAME = wata;
				TargetAttributes = {
					BBF001721DB5F6DA0099BD50 = {
						CreatedOnToolsVersion = 8.0;
						ProvisioningStyle = Automatic;
						SystemCapabilities = {
							com.apple.BackgroundModes = {
								enabled = 1;
							};
						};
					};
				};
			};
			buildConfigurationList = BBF0016E1DB5F6DA0099BD50 /* Build configuration list for PBXProject "weibo" */;
			compatibilityVersion = "Xcode 3.2";
			developmentRegion = English;
			hasScannedForEncodings = 0;
			knownRegions = (
				en,
				Base,
			);
			mainGroup = BBF0016A1DB5F6DA0099BD50;
			productRefGroup = BBF001741DB5F6DA0099BD50 /* Products */;
			projectDirPath = "";
			projectRoot = "";
			targets = (
				BBF001721DB5F6DA0099BD50 /* weibo */,
			);
		};
/* End PBXProject section */

/* Begin PBXResourcesBuildPhase section */
		BBF001711DB5F6DA0099BD50 /* Resources */ = {
			isa = PBXResourcesBuildPhase;
			buildActionMask = 2147483647;
			files = (
				BB186E0A1DC9861D0063A3DD /* silence.mp3 in Resources */,
				BBF001861DB5F6DA0099BD50 /* LaunchScreen.storyboard in Resources */,
				BBF001831DB5F6DA0099BD50 /* Assets.xcassets in Resources */,
				BB4C7CE51DC2014000FCDEDA /* MJRefresh.bundle in Resources */,
				BB186E0B1DC9861D0063A3DD /* 爸比我要喝奶奶.mp3 in Resources */,
				BB4C7CDC1DC2014000FCDEDA /* MBProgressHUD.bundle in Resources */,
			);
			runOnlyForDeploymentPostprocessing = 0;
		};
/* End PBXResourcesBuildPhase section */

/* Begin PBXShellScriptBuildPhase section */
		0930BAEE7E51BDC777BA1603 /* [CP] Check Pods Manifest.lock */ = {
			isa = PBXShellScriptBuildPhase;
			buildActionMask = 2147483647;
			files = (
			);
			inputPaths = (
			);
			name = "[CP] Check Pods Manifest.lock";
			outputPaths = (
			);
			runOnlyForDeploymentPostprocessing = 0;
			shellPath = /bin/sh;
			shellScript = "diff \"${PODS_ROOT}/../Podfile.lock\" \"${PODS_ROOT}/Manifest.lock\" > /dev/null\nif [[ $? != 0 ]] ; then\n    cat << EOM\nerror: The sandbox is not in sync with the Podfile.lock. Run 'pod install' or update your CocoaPods installation.\nEOM\n    exit 1\nfi\n";
			showEnvVarsInLog = 0;
		};
		412B91198FE6B811297FE6FA /* [CP] Copy Pods Resources */ = {
			isa = PBXShellScriptBuildPhase;
			buildActionMask = 2147483647;
			files = (
			);
			inputPaths = (
			);
			name = "[CP] Copy Pods Resources";
			outputPaths = (
			);
			runOnlyForDeploymentPostprocessing = 0;
			shellPath = /bin/sh;
			shellScript = "\"${SRCROOT}/Pods/Target Support Files/Pods-weibo/Pods-weibo-resources.sh\"\n";
			showEnvVarsInLog = 0;
		};
		E811D60D8171357312E8E1E3 /* [CP] Embed Pods Frameworks */ = {
			isa = PBXShellScriptBuildPhase;
			buildActionMask = 2147483647;
			files = (
			);
			inputPaths = (
			);
			name = "[CP] Embed Pods Frameworks";
			outputPaths = (
			);
			runOnlyForDeploymentPostprocessing = 0;
			shellPath = /bin/sh;
			shellScript = "\"${SRCROOT}/Pods/Target Support Files/Pods-weibo/Pods-weibo-frameworks.sh\"\n";
			showEnvVarsInLog = 0;
		};
/* End PBXShellScriptBuildPhase section */

/* Begin PBXSourcesBuildPhase section */
		BBF0016F1DB5F6DA0099BD50 /* Sources */ = {
			isa = PBXSourcesBuildPhase;
			buildActionMask = 2147483647;
			files = (
				BB4C7CEA1DC2014000FCDEDA /* UIScrollView+MJExtension.m in Sources */,
				BB4C7CD81DC2014000FCDEDA /* AFURLRequestSerialization.m in Sources */,
				BBDD12B01DC32C580007F145 /* wbAccount.m in Sources */,
				BBF001B31DB603E60099BD50 /* UIImage+wbImage.m in Sources */,
				BB4C7CF51DC2014000FCDEDA /* SDWebImagePrefetcher.m in Sources */,
				BBE38CB71DB8983D00BB4F35 /* wbProfileViewController.m in Sources */,
				BBF001A81DB5F8ED0099BD50 /* AppDelegate.m in Sources */,
				BB80CD4B1DC838CA00D411D1 /* wbHttpTool.m in Sources */,
				BB4C7CE21DC2014000FCDEDA /* NSObject+MJCoding.m in Sources */,
				BB4C7CE01DC2014000FCDEDA /* MJIvar.m in Sources */,
				BBE38CB41DB8982C00BB4F35 /* wbMessageViewController.m in Sources */,
				BB4C7CD71DC2014000FCDEDA /* AFURLConnectionOperation.m in Sources */,
				BB4C7CE71DC2014000FCDEDA /* MJRefreshConst.m in Sources */,
				BB1671DF1DC7230F00455648 /* wbPhoto.m in Sources */,
				BB80CD441DC8362A00D411D1 /* wbStatusResult.m in Sources */,
				BBF001A91DB5F8ED0099BD50 /* main.m in Sources */,
				BBF001B61DB6051D0099BD50 /* wbTabBar.m in Sources */,
				BB4C7CE41DC2014000FCDEDA /* NSObject+MJKeyValue.m in Sources */,
				BB61957A1DCC35000038664A /* wbStatusToolBar.m in Sources */,
				BB4C7CE81DC2014000FCDEDA /* MJRefreshFooterView.m in Sources */,
				BB4C7CF21DC2014000FCDEDA /* SDWebImageDownloader.m in Sources */,
				BB61956D1DCC29CE0038664A /* wbStatusFrame.m in Sources */,
				BB80CD4F1DC842F400D411D1 /* wbAccountParam.m in Sources */,
				BB4C7CF41DC2014000FCDEDA /* SDWebImageManager.m in Sources */,
				BB4C7CDB1DC2014000FCDEDA /* MBProgressHUD+MJ.m in Sources */,
				BB186E041DC97FBB0063A3DD /* wbUserTool.m in Sources */,
				BB4C7CF71DC2014000FCDEDA /* UIImage+GIF.m in Sources */,
				BBE38CB11DB8981700BB4F35 /* wbDiscoverViewController.m in Sources */,
				BB4C7CE31DC2014000FCDEDA /* NSObject+MJIvar.m in Sources */,
				BB4C7CF61DC2014000FCDEDA /* UIButton+WebCache.m in Sources */,
				BB4C7CF31DC2014000FCDEDA /* SDWebImageDownloaderOperation.m in Sources */,
				BBE38CAB1DB8970800BB4F35 /* wbNavigationController.m in Sources */,
				BB4C7CDF1DC2014000FCDEDA /* MJFoundation.m in Sources */,
				BB79A6EB1DC079FD00E3072D /* wbNewFeatureCell.m in Sources */,
				BB79A6EA1DC079FD00E3072D /* wbNewFeatureController.m in Sources */,
				BB4C7CFC1DC2014000FCDEDA /* UIView+WebCacheOperation.m in Sources */,
				BB4C7CD51DC2014000FCDEDA /* AFNetworkReachabilityManager.m in Sources */,
				BB4C7CE11DC2014000FCDEDA /* MJType.m in Sources */,
				BB1671D91DC722EF00455648 /* wbStatus.m in Sources */,
				BB4C7CEF1DC2014000FCDEDA /* SDImageCache.m in Sources */,
				BB6195741DCC31C30038664A /* wbOriginalView.m in Sources */,
				BB4C7CED1DC2014000FCDEDA /* MKAnnotationView+WebCache.m in Sources */,
				BBE38CD01DB9C1E700BB4F35 /* wbOneViewController.m in Sources */,
				BB6195771DCC33BD0038664A /* wbRetweetView.m in Sources */,
				BBE637E81DC191EF009C0CDC /* wbOAuthViewController.m in Sources */,
				BB4C7CDA1DC2014000FCDEDA /* AFURLSessionManager.m in Sources */,
				BBE38CAE1DB897F900BB4F35 /* wbHomeViewController.m in Sources */,
				BBF001B01DB5FEC60099BD50 /* wbTabBarController.m in Sources */,
				BB186E011DC97F640063A3DD /* wbUserResult.m in Sources */,
				BB80CD411DC835CD00D411D1 /* wbStatusParam.m in Sources */,
				BB80CD471DC8370E00D411D1 /* wbStatusTool.m in Sources */,
				BBDD12B91DC3320C0007F145 /* wbRootTool.m in Sources */,
				BBE38CC41DB9B60700BB4F35 /* UIBarButtonItem+wbItem.m in Sources */,
				BBE38CC11DB8BD5500BB4F35 /* wbTabBarButton.m in Sources */,
				BBE38CCA1DB9BC7300BB4F35 /* wbCover.m in Sources */,
				BB4C7CF11DC2014000FCDEDA /* SDWebImageDecoder.m in Sources */,
				BBE38CCD1DB9C06800BB4F35 /* wbPopMenu.m in Sources */,
				BB4C7CFB1DC2014000FCDEDA /* UIImageView+WebCache.m in Sources */,
				BB186DF81DC97D2F0063A3DD /* wbBaseParam.m in Sources */,
				BBDD12B61DC330540007F145 /* wbAccountTool.m in Sources */,
				BB4C7CE61DC2014000FCDEDA /* MJRefreshBaseView.m in Sources */,
				BB4C7CE91DC2014000FCDEDA /* MJRefreshHeaderView.m in Sources */,
				BB4C7CF91DC2014000FCDEDA /* UIImage+WebP.m in Sources */,
				BB186DFE1DC97F1F0063A3DD /* wbUserParam.m in Sources */,
				BB4C7CD61DC2014000FCDEDA /* AFSecurityPolicy.m in Sources */,
				BB1671DC1DC7230500455648 /* wbUser.m in Sources */,
				BB4C7CD31DC2014000FCDEDA /* AFHTTPRequestOperationManager.m in Sources */,
				BB4C7CEC1DC2014000FCDEDA /* UIView+MJExtension.m in Sources */,
				BB4C7CDD1DC2014000FCDEDA /* MBProgressHUD.m in Sources */,
				BB4C7CD41DC2014000FCDEDA /* AFHTTPSessionManager.m in Sources */,
				BBE38CC71DB9B84A00BB4F35 /* wbTitleButton.m in Sources */,
				BB4C7CEE1DC2014000FCDEDA /* NSData+ImageContentType.m in Sources */,
				BB4C7CF81DC2014000FCDEDA /* UIImage+MultiFormat.m in Sources */,
				BB6195711DCC2F780038664A /* wbStatusCell.m in Sources */,
				BB4C7CFA1DC2014000FCDEDA /* UIImageView+HighlightedWebCache.m in Sources */,
				BBE38CBA1DB8AD4200BB4F35 /* wbBadgeView.m in Sources */,
				BB4C7CD21DC2014000FCDEDA /* AFHTTPRequestOperation.m in Sources */,
				BBE38CD31DBA1AF700BB4F35 /* wbSearchBar.m in Sources */,
				BB4C7CEB1DC2014000FCDEDA /* UIScrollView+MJRefresh.m in Sources */,
				BB4C7CD91DC2014000FCDEDA /* AFURLResponseSerialization.m in Sources */,
				BB4C7CDE1DC2014000FCDEDA /* MJConst.m in Sources */,
				BBE38CBD1DB8AFA700BB4F35 /* UIView+wbFrame.m in Sources */,
				BB4C7CF01DC2014000FCDEDA /* SDWebImageCompat.m in Sources */,
			);
			runOnlyForDeploymentPostprocessing = 0;
		};
/* End PBXSourcesBuildPhase section */

/* Begin PBXVariantGroup section */
		BBF001841DB5F6DA0099BD50 /* LaunchScreen.storyboard */ = {
			isa = PBXVariantGroup;
			children = (
				BBF001851DB5F6DA0099BD50 /* Base */,
			);
			name = LaunchScreen.storyboard;
			sourceTree = "<group>";
		};
/* End PBXVariantGroup section */

/* Begin XCBuildConfiguration section */
		BBF001881DB5F6DA0099BD50 /* Debug */ = {
			isa = XCBuildConfiguration;
			buildSettings = {
				ALWAYS_SEARCH_USER_PATHS = NO;
				CLANG_ANALYZER_NONNULL = YES;
				CLANG_CXX_LANGUAGE_STANDARD = "gnu++0x";
				CLANG_CXX_LIBRARY = "libc++";
				CLANG_ENABLE_MODULES = YES;
				CLANG_ENABLE_OBJC_ARC = YES;
				CLANG_WARN_BOOL_CONVERSION = YES;
				CLANG_WARN_CONSTANT_CONVERSION = YES;
				CLANG_WARN_DIRECT_OBJC_ISA_USAGE = YES_ERROR;
				CLANG_WARN_DOCUMENTATION_COMMENTS = YES;
				CLANG_WARN_EMPTY_BODY = YES;
				CLANG_WARN_ENUM_CONVERSION = YES;
				CLANG_WARN_INFINITE_RECURSION = YES;
				CLANG_WARN_INT_CONVERSION = YES;
				CLANG_WARN_OBJC_ROOT_CLASS = YES_ERROR;
				CLANG_WARN_SUSPICIOUS_MOVES = YES;
				CLANG_WARN_UNREACHABLE_CODE = YES;
				CLANG_WARN__DUPLICATE_METHOD_MATCH = YES;
				"CODE_SIGN_IDENTITY[sdk=iphoneos*]" = "iPhone Developer";
				COPY_PHASE_STRIP = NO;
				DEBUG_INFORMATION_FORMAT = dwarf;
				ENABLE_STRICT_OBJC_MSGSEND = YES;
				ENABLE_TESTABILITY = YES;
				GCC_C_LANGUAGE_STANDARD = gnu99;
				GCC_DYNAMIC_NO_PIC = NO;
				GCC_NO_COMMON_BLOCKS = YES;
				GCC_OPTIMIZATION_LEVEL = 0;
				GCC_PREFIX_HEADER = weibo/Classes/Other/wbPrefixHeader.pch;
				GCC_PREPROCESSOR_DEFINITIONS = (
					"DEBUG=1",
					"$(inherited)",
				);
				GCC_WARN_64_TO_32_BIT_CONVERSION = YES;
				GCC_WARN_ABOUT_RETURN_TYPE = YES_ERROR;
				GCC_WARN_UNDECLARED_SELECTOR = YES;
				GCC_WARN_UNINITIALIZED_AUTOS = YES_AGGRESSIVE;
				GCC_WARN_UNUSED_FUNCTION = YES;
				GCC_WARN_UNUSED_VARIABLE = YES;
				IPHONEOS_DEPLOYMENT_TARGET = 10.0;
				MTL_ENABLE_DEBUG_INFO = YES;
				ONLY_ACTIVE_ARCH = YES;
				SDKROOT = iphoneos;
			};
			name = Debug;
		};
		BBF001891DB5F6DA0099BD50 /* Release */ = {
			isa = XCBuildConfiguration;
			buildSettings = {
				ALWAYS_SEARCH_USER_PATHS = NO;
				CLANG_ANALYZER_NONNULL = YES;
				CLANG_CXX_LANGUAGE_STANDARD = "gnu++0x";
				CLANG_CXX_LIBRARY = "libc++";
				CLANG_ENABLE_MODULES = YES;
				CLANG_ENABLE_OBJC_ARC = YES;
				CLANG_WARN_BOOL_CONVERSION = YES;
				CLANG_WARN_CONSTANT_CONVERSION = YES;
				CLANG_WARN_DIRECT_OBJC_ISA_USAGE = YES_ERROR;
				CLANG_WARN_DOCUMENTATION_COMMENTS = YES;
				CLANG_WARN_EMPTY_BODY = YES;
				CLANG_WARN_ENUM_CONVERSION = YES;
				CLANG_WARN_INFINITE_RECURSION = YES;
				CLANG_WARN_INT_CONVERSION = YES;
				CLANG_WARN_OBJC_ROOT_CLASS = YES_ERROR;
				CLANG_WARN_SUSPICIOUS_MOVES = YES;
				CLANG_WARN_UNREACHABLE_CODE = YES;
				CLANG_WARN__DUPLICATE_METHOD_MATCH = YES;
				"CODE_SIGN_IDENTITY[sdk=iphoneos*]" = "iPhone Developer";
				COPY_PHASE_STRIP = NO;
				DEBUG_INFORMATION_FORMAT = "dwarf-with-dsym";
				ENABLE_NS_ASSERTIONS = NO;
				ENABLE_STRICT_OBJC_MSGSEND = YES;
				GCC_C_LANGUAGE_STANDARD = gnu99;
				GCC_NO_COMMON_BLOCKS = YES;
				GCC_PREFIX_HEADER = weibo/Classes/Other/wbPrefixHeader.pch;
				GCC_WARN_64_TO_32_BIT_CONVERSION = YES;
				GCC_WARN_ABOUT_RETURN_TYPE = YES_ERROR;
				GCC_WARN_UNDECLARED_SELECTOR = YES;
				GCC_WARN_UNINITIALIZED_AUTOS = YES_AGGRESSIVE;
				GCC_WARN_UNUSED_FUNCTION = YES;
				GCC_WARN_UNUSED_VARIABLE = YES;
				IPHONEOS_DEPLOYMENT_TARGET = 10.0;
				MTL_ENABLE_DEBUG_INFO = NO;
				SDKROOT = iphoneos;
				VALIDATE_PRODUCT = YES;
			};
			name = Release;
		};
		BBF0018B1DB5F6DA0099BD50 /* Debug */ = {
			isa = XCBuildConfiguration;
			baseConfigurationReference = AC8A3D61E800337767193188 /* Pods-weibo.debug.xcconfig */;
			buildSettings = {
				ASSETCATALOG_COMPILER_APPICON_NAME = AppIcon;
				ASSETCATALOG_COMPILER_LAUNCHIMAGE_NAME = LaunchImage;
				INFOPLIST_FILE = weibo/Info.plist;
				IPHONEOS_DEPLOYMENT_TARGET = 9.0;
				LD_RUNPATH_SEARCH_PATHS = "$(inherited) @executable_path/Frameworks";
				PRODUCT_BUNDLE_IDENTIFIER = com.wata.weibo;
				PRODUCT_NAME = "$(TARGET_NAME)";
			};
			name = Debug;
		};
		BBF0018C1DB5F6DA0099BD50 /* Release */ = {
			isa = XCBuildConfiguration;
			baseConfigurationReference = 63DCC574F5467D727EB917A0 /* Pods-weibo.release.xcconfig */;
			buildSettings = {
				ASSETCATALOG_COMPILER_APPICON_NAME = AppIcon;
				ASSETCATALOG_COMPILER_LAUNCHIMAGE_NAME = LaunchImage;
				INFOPLIST_FILE = weibo/Info.plist;
				IPHONEOS_DEPLOYMENT_TARGET = 9.0;
				LD_RUNPATH_SEARCH_PATHS = "$(inherited) @executable_path/Frameworks";
				PRODUCT_BUNDLE_IDENTIFIER = com.wata.weibo;
				PRODUCT_NAME = "$(TARGET_NAME)";
			};
			name = Release;
		};
/* End XCBuildConfiguration section */

/* Begin XCConfigurationList section */
		BBF0016E1DB5F6DA0099BD50 /* Build configuration list for PBXProject "weibo" */ = {
			isa = XCConfigurationList;
			buildConfigurations = (
				BBF001881DB5F6DA0099BD50 /* Debug */,
				BBF001891DB5F6DA0099BD50 /* Release */,
			);
			defaultConfigurationIsVisible = 0;
			defaultConfigurationName = Release;
		};
		BBF0018A1DB5F6DA0099BD50 /* Build configuration list for PBXNativeTarget "weibo" */ = {
			isa = XCConfigurationList;
			buildConfigurations = (
				BBF0018B1DB5F6DA0099BD50 /* Debug */,
				BBF0018C1DB5F6DA0099BD50 /* Release */,
			);
			defaultConfigurationIsVisible = 0;
			defaultConfigurationName = Release;
		};
/* End XCConfigurationList section */
	};
	rootObject = BBF0016B1DB5F6DA0099BD50 /* Project object */;
}
