// !$*UTF8*$!
{
	archiveVersion = 1;
	classes = {
	};
	objectVersion = 46;
	objects = {

/* Begin PBXBuildFile section */
		305946AABDB5BCED936CF83A /* libPods-weibo.a in Frameworks */ = {isa = PBXBuildFile; fileRef = 1E2AB5EA4C28C077D1C4925D /* libPods-weibo.a */; };
		BB5E371B1DBF34B600AA2667 /* wbViewController_Two.m in Sources */ = {isa = PBXBuildFile; fileRef = BB5E37191DBF34B600AA2667 /* wbViewController_Two.m */; };
		BB5E371C1DBF34B600AA2667 /* wbViewController_Two.xib in Resources */ = {isa = PBXBuildFile; fileRef = BB5E371A1DBF34B600AA2667 /* wbViewController_Two.xib */; };
		BB79A6EA1DC079FD00E3072D /* wbNewFeatureController.m in Sources */ = {isa = PBXBuildFile; fileRef = BB79A6E51DC079FD00E3072D /* wbNewFeatureController.m */; };
		BB79A6EB1DC079FD00E3072D /* wbNewFeatureCell.m in Sources */ = {isa = PBXBuildFile; fileRef = BB79A6E91DC079FD00E3072D /* wbNewFeatureCell.m */; };
		BBE38CAB1DB8970800BB4F35 /* wbNavigationController.m in Sources */ = {isa = PBXBuildFile; fileRef = BBE38CAA1DB8970800BB4F35 /* wbNavigationController.m */; };
		BBE38CAE1DB897F900BB4F35 /* wbHomeViewController.m in Sources */ = {isa = PBXBuildFile; fileRef = BBE38CAD1DB897F900BB4F35 /* wbHomeViewController.m */; };
		BBE38CB11DB8981700BB4F35 /* wbDiscoverViewController.m in Sources */ = {isa = PBXBuildFile; fileRef = BBE38CB01DB8981700BB4F35 /* wbDiscoverViewController.m */; };
		BBE38CB41DB8982C00BB4F35 /* wbMessageViewController.m in Sources */ = {isa = PBXBuildFile; fileRef = BBE38CB31DB8982C00BB4F35 /* wbMessageViewController.m */; };
		BBE38CB71DB8983D00BB4F35 /* wbProfileViewController.m in Sources */ = {isa = PBXBuildFile; fileRef = BBE38CB61DB8983D00BB4F35 /* wbProfileViewController.m */; };
		BBE38CBA1DB8AD4200BB4F35 /* wbBadgeView.m in Sources */ = {isa = PBXBuildFile; fileRef = BBE38CB91DB8AD4200BB4F35 /* wbBadgeView.m */; };
		BBE38CBD1DB8AFA700BB4F35 /* UIView+wbFrame.m in Sources */ = {isa = PBXBuildFile; fileRef = BBE38CBC1DB8AFA700BB4F35 /* UIView+wbFrame.m */; };
		BBE38CC11DB8BD5500BB4F35 /* wbTabBarButton.m in Sources */ = {isa = PBXBuildFile; fileRef = BBE38CC01DB8BD5500BB4F35 /* wbTabBarButton.m */; };
		BBE38CC41DB9B60700BB4F35 /* UIBarButtonItem+wbItem.m in Sources */ = {isa = PBXBuildFile; fileRef = BBE38CC31DB9B60700BB4F35 /* UIBarButtonItem+wbItem.m */; };
		BBE38CC71DB9B84A00BB4F35 /* wbTitleButton.m in Sources */ = {isa = PBXBuildFile; fileRef = BBE38CC61DB9B84A00BB4F35 /* wbTitleButton.m */; };
		BBE38CCA1DB9BC7300BB4F35 /* wbCover.m in Sources */ = {isa = PBXBuildFile; fileRef = BBE38CC91DB9BC7300BB4F35 /* wbCover.m */; };
		BBE38CCD1DB9C06800BB4F35 /* wbPopMenu.m in Sources */ = {isa = PBXBuildFile; fileRef = BBE38CCC1DB9C06800BB4F35 /* wbPopMenu.m */; };
		BBE38CD01DB9C1E700BB4F35 /* wbOneViewController.m in Sources */ = {isa = PBXBuildFile; fileRef = BBE38CCF1DB9C1E700BB4F35 /* wbOneViewController.m */; };
		BBE38CD31DBA1AF700BB4F35 /* wbSearchBar.m in Sources */ = {isa = PBXBuildFile; fileRef = BBE38CD21DBA1AF700BB4F35 /* wbSearchBar.m */; };
		BBE637E81DC191EF009C0CDC /* wbOAuthViewController.m in Sources */ = {isa = PBXBuildFile; fileRef = BBE637E71DC191EF009C0CDC /* wbOAuthViewController.m */; };
		BBF001831DB5F6DA0099BD50 /* Assets.xcassets in Resources */ = {isa = PBXBuildFile; fileRef = BBF001821DB5F6DA0099BD50 /* Assets.xcassets */; };
		BBF001861DB5F6DA0099BD50 /* LaunchScreen.storyboard in Resources */ = {isa = PBXBuildFile; fileRef = BBF001841DB5F6DA0099BD50 /* LaunchScreen.storyboard */; };
		BBF001A81DB5F8ED0099BD50 /* AppDelegate.m in Sources */ = {isa = PBXBuildFile; fileRef = BBF001A11DB5F8ED0099BD50 /* AppDelegate.m */; };
		BBF001A91DB5F8ED0099BD50 /* main.m in Sources */ = {isa = PBXBuildFile; fileRef = BBF001A31DB5F8ED0099BD50 /* main.m */; };
		BBF001B01DB5FEC60099BD50 /* wbTabBarController.m in Sources */ = {isa = PBXBuildFile; fileRef = BBF001AF1DB5FEC60099BD50 /* wbTabBarController.m */; };
		BBF001B31DB603E60099BD50 /* UIImage+wbImage.m in Sources */ = {isa = PBXBuildFile; fileRef = BBF001B21DB603E60099BD50 /* UIImage+wbImage.m */; };
		BBF001B61DB6051D0099BD50 /* wbTabBar.m in Sources */ = {isa = PBXBuildFile; fileRef = BBF001B51DB6051D0099BD50 /* wbTabBar.m */; };
		BBF001B91DB60B720099BD50 /* UIKit.framework in Frameworks */ = {isa = PBXBuildFile; fileRef = BBF001B81DB60B720099BD50 /* UIKit.framework */; };
		BBF7DD771DBEFFFE00AE7EF0 /* wbViewController_One.m in Sources */ = {isa = PBXBuildFile; fileRef = BBF7DD751DBEFFFE00AE7EF0 /* wbViewController_One.m */; };
		BBF7DD781DBEFFFE00AE7EF0 /* wbViewController_One.xib in Resources */ = {isa = PBXBuildFile; fileRef = BBF7DD761DBEFFFE00AE7EF0 /* wbViewController_One.xib */; };
/* End PBXBuildFile section */

/* Begin PBXFileReference section */
		1E2AB5EA4C28C077D1C4925D /* libPods-weibo.a */ = {isa = PBXFileReference; explicitFileType = archive.ar; includeInIndex = 0; path = "libPods-weibo.a"; sourceTree = BUILT_PRODUCTS_DIR; };
		63DCC574F5467D727EB917A0 /* Pods-weibo.release.xcconfig */ = {isa = PBXFileReference; includeInIndex = 1; lastKnownFileType = text.xcconfig; name = "Pods-weibo.release.xcconfig"; path = "Pods/Target Support Files/Pods-weibo/Pods-weibo.release.xcconfig"; sourceTree = "<group>"; };
		AC8A3D61E800337767193188 /* Pods-weibo.debug.xcconfig */ = {isa = PBXFileReference; includeInIndex = 1; lastKnownFileType = text.xcconfig; name = "Pods-weibo.debug.xcconfig"; path = "Pods/Target Support Files/Pods-weibo/Pods-weibo.debug.xcconfig"; sourceTree = "<group>"; };
		BB5E37181DBF34B600AA2667 /* wbViewController_Two.h */ = {isa = PBXFileReference; fileEncoding = 4; lastKnownFileType = sourcecode.c.h; path = wbViewController_Two.h; sourceTree = "<group>"; };
		BB5E37191DBF34B600AA2667 /* wbViewController_Two.m */ = {isa = PBXFileReference; fileEncoding = 4; lastKnownFileType = sourcecode.c.objc; path = wbViewController_Two.m; sourceTree = "<group>"; };
		BB5E371A1DBF34B600AA2667 /* wbViewController_Two.xib */ = {isa = PBXFileReference; fileEncoding = 4; lastKnownFileType = file.xib; path = wbViewController_Two.xib; sourceTree = "<group>"; };
		BB79A6E41DC079FD00E3072D /* wbNewFeatureController.h */ = {isa = PBXFileReference; fileEncoding = 4; lastKnownFileType = sourcecode.c.h; path = wbNewFeatureController.h; sourceTree = "<group>"; };
		BB79A6E51DC079FD00E3072D /* wbNewFeatureController.m */ = {isa = PBXFileReference; fileEncoding = 4; lastKnownFileType = sourcecode.c.objc; path = wbNewFeatureController.m; sourceTree = "<group>"; };
		BB79A6E81DC079FD00E3072D /* wbNewFeatureCell.h */ = {isa = PBXFileReference; fileEncoding = 4; lastKnownFileType = sourcecode.c.h; path = wbNewFeatureCell.h; sourceTree = "<group>"; };
		BB79A6E91DC079FD00E3072D /* wbNewFeatureCell.m */ = {isa = PBXFileReference; fileEncoding = 4; lastKnownFileType = sourcecode.c.objc; path = wbNewFeatureCell.m; sourceTree = "<group>"; };
		BBE38CA91DB8970800BB4F35 /* wbNavigationController.h */ = {isa = PBXFileReference; fileEncoding = 4; lastKnownFileType = sourcecode.c.h; path = wbNavigationController.h; sourceTree = "<group>"; };
		BBE38CAA1DB8970800BB4F35 /* wbNavigationController.m */ = {isa = PBXFileReference; fileEncoding = 4; lastKnownFileType = sourcecode.c.objc; path = wbNavigationController.m; sourceTree = "<group>"; };
		BBE38CAC1DB897F900BB4F35 /* wbHomeViewController.h */ = {isa = PBXFileReference; fileEncoding = 4; lastKnownFileType = sourcecode.c.h; path = wbHomeViewController.h; sourceTree = "<group>"; };
		BBE38CAD1DB897F900BB4F35 /* wbHomeViewController.m */ = {isa = PBXFileReference; fileEncoding = 4; lastKnownFileType = sourcecode.c.objc; path = wbHomeViewController.m; sourceTree = "<group>"; };
		BBE38CAF1DB8981700BB4F35 /* wbDiscoverViewController.h */ = {isa = PBXFileReference; fileEncoding = 4; lastKnownFileType = sourcecode.c.h; path = wbDiscoverViewController.h; sourceTree = "<group>"; };
		BBE38CB01DB8981700BB4F35 /* wbDiscoverViewController.m */ = {isa = PBXFileReference; fileEncoding = 4; lastKnownFileType = sourcecode.c.objc; path = wbDiscoverViewController.m; sourceTree = "<group>"; };
		BBE38CB21DB8982C00BB4F35 /* wbMessageViewController.h */ = {isa = PBXFileReference; fileEncoding = 4; lastKnownFileType = sourcecode.c.h; path = wbMessageViewController.h; sourceTree = "<group>"; };
		BBE38CB31DB8982C00BB4F35 /* wbMessageViewController.m */ = {isa = PBXFileReference; fileEncoding = 4; lastKnownFileType = sourcecode.c.objc; path = wbMessageViewController.m; sourceTree = "<group>"; };
		BBE38CB51DB8983D00BB4F35 /* wbProfileViewController.h */ = {isa = PBXFileReference; fileEncoding = 4; lastKnownFileType = sourcecode.c.h; path = wbProfileViewController.h; sourceTree = "<group>"; };
		BBE38CB61DB8983D00BB4F35 /* wbProfileViewController.m */ = {isa = PBXFileReference; fileEncoding = 4; lastKnownFileType = sourcecode.c.objc; path = wbProfileViewController.m; sourceTree = "<group>"; };
		BBE38CB81DB8AD4200BB4F35 /* wbBadgeView.h */ = {isa = PBXFileReference; fileEncoding = 4; lastKnownFileType = sourcecode.c.h; path = wbBadgeView.h; sourceTree = "<group>"; };
		BBE38CB91DB8AD4200BB4F35 /* wbBadgeView.m */ = {isa = PBXFileReference; fileEncoding = 4; lastKnownFileType = sourcecode.c.objc; path = wbBadgeView.m; sourceTree = "<group>"; };
		BBE38CBB1DB8AFA700BB4F35 /* UIView+wbFrame.h */ = {isa = PBXFileReference; fileEncoding = 4; lastKnownFileType = sourcecode.c.h; path = "UIView+wbFrame.h"; sourceTree = "<group>"; };
		BBE38CBC1DB8AFA700BB4F35 /* UIView+wbFrame.m */ = {isa = PBXFileReference; fileEncoding = 4; lastKnownFileType = sourcecode.c.objc; path = "UIView+wbFrame.m"; sourceTree = "<group>"; };
		BBE38CBE1DB8B15600BB4F35 /* wbPrefixHeader.pch */ = {isa = PBXFileReference; lastKnownFileType = sourcecode.c.h; path = wbPrefixHeader.pch; sourceTree = "<group>"; };
		BBE38CBF1DB8BD5500BB4F35 /* wbTabBarButton.h */ = {isa = PBXFileReference; fileEncoding = 4; lastKnownFileType = sourcecode.c.h; path = wbTabBarButton.h; sourceTree = "<group>"; };
		BBE38CC01DB8BD5500BB4F35 /* wbTabBarButton.m */ = {isa = PBXFileReference; fileEncoding = 4; lastKnownFileType = sourcecode.c.objc; path = wbTabBarButton.m; sourceTree = "<group>"; };
		BBE38CC21DB9B60700BB4F35 /* UIBarButtonItem+wbItem.h */ = {isa = PBXFileReference; fileEncoding = 4; lastKnownFileType = sourcecode.c.h; path = "UIBarButtonItem+wbItem.h"; sourceTree = "<group>"; };
		BBE38CC31DB9B60700BB4F35 /* UIBarButtonItem+wbItem.m */ = {isa = PBXFileReference; fileEncoding = 4; lastKnownFileType = sourcecode.c.objc; path = "UIBarButtonItem+wbItem.m"; sourceTree = "<group>"; };
		BBE38CC51DB9B84A00BB4F35 /* wbTitleButton.h */ = {isa = PBXFileReference; fileEncoding = 4; lastKnownFileType = sourcecode.c.h; path = wbTitleButton.h; sourceTree = "<group>"; };
		BBE38CC61DB9B84A00BB4F35 /* wbTitleButton.m */ = {isa = PBXFileReference; fileEncoding = 4; lastKnownFileType = sourcecode.c.objc; path = wbTitleButton.m; sourceTree = "<group>"; };
		BBE38CC81DB9BC7300BB4F35 /* wbCover.h */ = {isa = PBXFileReference; fileEncoding = 4; lastKnownFileType = sourcecode.c.h; path = wbCover.h; sourceTree = "<group>"; };
		BBE38CC91DB9BC7300BB4F35 /* wbCover.m */ = {isa = PBXFileReference; fileEncoding = 4; lastKnownFileType = sourcecode.c.objc; path = wbCover.m; sourceTree = "<group>"; };
		BBE38CCB1DB9C06800BB4F35 /* wbPopMenu.h */ = {isa = PBXFileReference; fileEncoding = 4; lastKnownFileType = sourcecode.c.h; path = wbPopMenu.h; sourceTree = "<group>"; };
		BBE38CCC1DB9C06800BB4F35 /* wbPopMenu.m */ = {isa = PBXFileReference; fileEncoding = 4; lastKnownFileType = sourcecode.c.objc; path = wbPopMenu.m; sourceTree = "<group>"; };
		BBE38CCE1DB9C1E700BB4F35 /* wbOneViewController.h */ = {isa = PBXFileReference; fileEncoding = 4; lastKnownFileType = sourcecode.c.h; path = wbOneViewController.h; sourceTree = "<group>"; };
		BBE38CCF1DB9C1E700BB4F35 /* wbOneViewController.m */ = {isa = PBXFileReference; fileEncoding = 4; lastKnownFileType = sourcecode.c.objc; path = wbOneViewController.m; sourceTree = "<group>"; };
		BBE38CD11DBA1AF700BB4F35 /* wbSearchBar.h */ = {isa = PBXFileReference; fileEncoding = 4; lastKnownFileType = sourcecode.c.h; path = wbSearchBar.h; sourceTree = "<group>"; };
		BBE38CD21DBA1AF700BB4F35 /* wbSearchBar.m */ = {isa = PBXFileReference; fileEncoding = 4; lastKnownFileType = sourcecode.c.objc; path = wbSearchBar.m; sourceTree = "<group>"; };
		BBE637E61DC191EF009C0CDC /* wbOAuthViewController.h */ = {isa = PBXFileReference; fileEncoding = 4; lastKnownFileType = sourcecode.c.h; path = wbOAuthViewController.h; sourceTree = "<group>"; };
		BBE637E71DC191EF009C0CDC /* wbOAuthViewController.m */ = {isa = PBXFileReference; fileEncoding = 4; lastKnownFileType = sourcecode.c.objc; path = wbOAuthViewController.m; sourceTree = "<group>"; };
		BBF001731DB5F6DA0099BD50 /* weibo.app */ = {isa = PBXFileReference; explicitFileType = wrapper.application; includeInIndex = 0; path = weibo.app; sourceTree = BUILT_PRODUCTS_DIR; };
		BBF001821DB5F6DA0099BD50 /* Assets.xcassets */ = {isa = PBXFileReference; lastKnownFileType = folder.assetcatalog; path = Assets.xcassets; sourceTree = "<group>"; };
		BBF001851DB5F6DA0099BD50 /* Base */ = {isa = PBXFileReference; lastKnownFileType = file.storyboard; name = Base; path = Base.lproj/LaunchScreen.storyboard; sourceTree = "<group>"; };
		BBF001871DB5F6DA0099BD50 /* Info.plist */ = {isa = PBXFileReference; lastKnownFileType = text.plist.xml; path = Info.plist; sourceTree = "<group>"; };
		BBF001A01DB5F8ED0099BD50 /* AppDelegate.h */ = {isa = PBXFileReference; fileEncoding = 4; lastKnownFileType = sourcecode.c.h; path = AppDelegate.h; sourceTree = "<group>"; };
		BBF001A11DB5F8ED0099BD50 /* AppDelegate.m */ = {isa = PBXFileReference; fileEncoding = 4; lastKnownFileType = sourcecode.c.objc; path = AppDelegate.m; sourceTree = "<group>"; };
		BBF001A31DB5F8ED0099BD50 /* main.m */ = {isa = PBXFileReference; fileEncoding = 4; lastKnownFileType = sourcecode.c.objc; path = main.m; sourceTree = "<group>"; };
		BBF001AE1DB5FEC60099BD50 /* wbTabBarController.h */ = {isa = PBXFileReference; fileEncoding = 4; lastKnownFileType = sourcecode.c.h; path = wbTabBarController.h; sourceTree = "<group>"; };
		BBF001AF1DB5FEC60099BD50 /* wbTabBarController.m */ = {isa = PBXFileReference; fileEncoding = 4; lastKnownFileType = sourcecode.c.objc; path = wbTabBarController.m; sourceTree = "<group>"; };
		BBF001B11DB603E60099BD50 /* UIImage+wbImage.h */ = {isa = PBXFileReference; fileEncoding = 4; lastKnownFileType = sourcecode.c.h; path = "UIImage+wbImage.h"; sourceTree = "<group>"; };
		BBF001B21DB603E60099BD50 /* UIImage+wbImage.m */ = {isa = PBXFileReference; fileEncoding = 4; lastKnownFileType = sourcecode.c.objc; path = "UIImage+wbImage.m"; sourceTree = "<group>"; };
		BBF001B41DB6051D0099BD50 /* wbTabBar.h */ = {isa = PBXFileReference; fileEncoding = 4; lastKnownFileType = sourcecode.c.h; path = wbTabBar.h; sourceTree = "<group>"; };
		BBF001B51DB6051D0099BD50 /* wbTabBar.m */ = {isa = PBXFileReference; fileEncoding = 4; lastKnownFileType = sourcecode.c.objc; path = wbTabBar.m; sourceTree = "<group>"; };
		BBF001B81DB60B720099BD50 /* UIKit.framework */ = {isa = PBXFileReference; lastKnownFileType = wrapper.framework; name = UIKit.framework; path = System/Library/Frameworks/UIKit.framework; sourceTree = SDKROOT; };
		BBF7DD741DBEFFFE00AE7EF0 /* wbViewController_One.h */ = {isa = PBXFileReference; fileEncoding = 4; lastKnownFileType = sourcecode.c.h; path = wbViewController_One.h; sourceTree = "<group>"; };
		BBF7DD751DBEFFFE00AE7EF0 /* wbViewController_One.m */ = {isa = PBXFileReference; fileEncoding = 4; lastKnownFileType = sourcecode.c.objc; path = wbViewController_One.m; sourceTree = "<group>"; };
		BBF7DD761DBEFFFE00AE7EF0 /* wbViewController_One.xib */ = {isa = PBXFileReference; fileEncoding = 4; lastKnownFileType = file.xib; path = wbViewController_One.xib; sourceTree = "<group>"; };
/* End PBXFileReference section */

/* Begin PBXFrameworksBuildPhase section */
		BBF001701DB5F6DA0099BD50 /* Frameworks */ = {
			isa = PBXFrameworksBuildPhase;
			buildActionMask = 2147483647;
			files = (
				BBF001B91DB60B720099BD50 /* UIKit.framework in Frameworks */,
				305946AABDB5BCED936CF83A /* libPods-weibo.a in Frameworks */,
			);
			runOnlyForDeploymentPostprocessing = 0;
		};
/* End PBXFrameworksBuildPhase section */

/* Begin PBXGroup section */
		56C45A7E13A0BF7D19A3C896 /* Pods */ = {
			isa = PBXGroup;
			children = (
				AC8A3D61E800337767193188 /* Pods-weibo.debug.xcconfig */,
				63DCC574F5467D727EB917A0 /* Pods-weibo.release.xcconfig */,
			);
			name = Pods;
			sourceTree = "<group>";
		};
		BB79A6E21DC079FD00E3072D /* NewFeature */ = {
			isa = PBXGroup;
			children = (
				BB79A6E31DC079FD00E3072D /* Controller */,
				BB79A6E61DC079FD00E3072D /* Model */,
				BB79A6E71DC079FD00E3072D /* View */,
			);
			path = NewFeature;
			sourceTree = "<group>";
		};
		BB79A6E31DC079FD00E3072D /* Controller */ = {
			isa = PBXGroup;
			children = (
				BB79A6E41DC079FD00E3072D /* wbNewFeatureController.h */,
				BB79A6E51DC079FD00E3072D /* wbNewFeatureController.m */,
			);
			path = Controller;
			sourceTree = "<group>";
		};
		BB79A6E61DC079FD00E3072D /* Model */ = {
			isa = PBXGroup;
			children = (
			);
			path = Model;
			sourceTree = "<group>";
		};
		BB79A6E71DC079FD00E3072D /* View */ = {
			isa = PBXGroup;
			children = (
				BB79A6E81DC079FD00E3072D /* wbNewFeatureCell.h */,
				BB79A6E91DC079FD00E3072D /* wbNewFeatureCell.m */,
			);
			path = View;
			sourceTree = "<group>";
		};
		BBE637E21DC191CC009C0CDC /* OAuth */ = {
			isa = PBXGroup;
			children = (
				BBE637E31DC191CC009C0CDC /* Controller */,
				BBE637E41DC191CC009C0CDC /* Model */,
				BBE637E51DC191CC009C0CDC /* View */,
			);
			path = OAuth;
			sourceTree = "<group>";
		};
		BBE637E31DC191CC009C0CDC /* Controller */ = {
			isa = PBXGroup;
			children = (
				BBE637E61DC191EF009C0CDC /* wbOAuthViewController.h */,
				BBE637E71DC191EF009C0CDC /* wbOAuthViewController.m */,
			);
			path = Controller;
			sourceTree = "<group>";
		};
		BBE637E41DC191CC009C0CDC /* Model */ = {
			isa = PBXGroup;
			children = (
			);
			path = Model;
			sourceTree = "<group>";
		};
		BBE637E51DC191CC009C0CDC /* View */ = {
			isa = PBXGroup;
			children = (
			);
			path = View;
			sourceTree = "<group>";
		};
		BBF0016A1DB5F6DA0099BD50 = {
			isa = PBXGroup;
			children = (
				BBF001751DB5F6DA0099BD50 /* weibo */,
				BBF001741DB5F6DA0099BD50 /* Products */,
				BBF001B71DB60B720099BD50 /* Frameworks */,
				56C45A7E13A0BF7D19A3C896 /* Pods */,
			);
			sourceTree = "<group>";
		};
		BBF001741DB5F6DA0099BD50 /* Products */ = {
			isa = PBXGroup;
			children = (
				BBF001731DB5F6DA0099BD50 /* weibo.app */,
			);
			name = Products;
			sourceTree = "<group>";
		};
		BBF001751DB5F6DA0099BD50 /* weibo */ = {
			isa = PBXGroup;
			children = (
				BBF0018E1DB5F8ED0099BD50 /* Classes */,
				BBF001821DB5F6DA0099BD50 /* Assets.xcassets */,
				BBF001841DB5F6DA0099BD50 /* LaunchScreen.storyboard */,
				BBF001761DB5F6DA0099BD50 /* Supporting Files */,
			);
			path = weibo;
			sourceTree = "<group>";
		};
		BBF001761DB5F6DA0099BD50 /* Supporting Files */ = {
			isa = PBXGroup;
			children = (
				BBF001871DB5F6DA0099BD50 /* Info.plist */,
			);
			name = "Supporting Files";
			sourceTree = "<group>";
		};
		BBF0018E1DB5F8ED0099BD50 /* Classes */ = {
			isa = PBXGroup;
			children = (
				BBE637E21DC191CC009C0CDC /* OAuth */,
				BB79A6E21DC079FD00E3072D /* NewFeature */,
				BBF0018F1DB5F8ED0099BD50 /* Discover */,
				BBF001931DB5F8ED0099BD50 /* Home */,
				BBF001971DB5F8ED0099BD50 /* Main */,
				BBF0019B1DB5F8ED0099BD50 /* Message */,
				BBF0019F1DB5F8ED0099BD50 /* Other */,
				BBF001A41DB5F8ED0099BD50 /* Profile */,
			);
			path = Classes;
			sourceTree = "<group>";
		};
		BBF0018F1DB5F8ED0099BD50 /* Discover */ = {
			isa = PBXGroup;
			children = (
				BBF001901DB5F8ED0099BD50 /* Controller */,
				BBF001911DB5F8ED0099BD50 /* Model */,
				BBF001921DB5F8ED0099BD50 /* View */,
			);
			path = Discover;
			sourceTree = "<group>";
		};
		BBF001901DB5F8ED0099BD50 /* Controller */ = {
			isa = PBXGroup;
			children = (
				BBE38CAF1DB8981700BB4F35 /* wbDiscoverViewController.h */,
				BBE38CB01DB8981700BB4F35 /* wbDiscoverViewController.m */,
			);
			path = Controller;
			sourceTree = "<group>";
		};
		BBF001911DB5F8ED0099BD50 /* Model */ = {
			isa = PBXGroup;
			children = (
			);
			path = Model;
			sourceTree = "<group>";
		};
		BBF001921DB5F8ED0099BD50 /* View */ = {
			isa = PBXGroup;
			children = (
				BBE38CD11DBA1AF700BB4F35 /* wbSearchBar.h */,
				BBE38CD21DBA1AF700BB4F35 /* wbSearchBar.m */,
			);
			path = View;
			sourceTree = "<group>";
		};
		BBF001931DB5F8ED0099BD50 /* Home */ = {
			isa = PBXGroup;
			children = (
				BBF001941DB5F8ED0099BD50 /* Controller */,
				BBF001951DB5F8ED0099BD50 /* Model */,
				BBF001961DB5F8ED0099BD50 /* View */,
			);
			path = Home;
			sourceTree = "<group>";
		};
		BBF001941DB5F8ED0099BD50 /* Controller */ = {
			isa = PBXGroup;
			children = (
				BBE38CAC1DB897F900BB4F35 /* wbHomeViewController.h */,
				BBE38CAD1DB897F900BB4F35 /* wbHomeViewController.m */,
				BBE38CCE1DB9C1E700BB4F35 /* wbOneViewController.h */,
				BBE38CCF1DB9C1E700BB4F35 /* wbOneViewController.m */,
				BBF7DD741DBEFFFE00AE7EF0 /* wbViewController_One.h */,
				BBF7DD751DBEFFFE00AE7EF0 /* wbViewController_One.m */,
				BBF7DD761DBEFFFE00AE7EF0 /* wbViewController_One.xib */,
				BB5E37181DBF34B600AA2667 /* wbViewController_Two.h */,
				BB5E37191DBF34B600AA2667 /* wbViewController_Two.m */,
				BB5E371A1DBF34B600AA2667 /* wbViewController_Two.xib */,
			);
			path = Controller;
			sourceTree = "<group>";
		};
		BBF001951DB5F8ED0099BD50 /* Model */ = {
			isa = PBXGroup;
			children = (
			);
			path = Model;
			sourceTree = "<group>";
		};
		BBF001961DB5F8ED0099BD50 /* View */ = {
			isa = PBXGroup;
			children = (
				BBE38CC51DB9B84A00BB4F35 /* wbTitleButton.h */,
				BBE38CC61DB9B84A00BB4F35 /* wbTitleButton.m */,
				BBE38CC81DB9BC7300BB4F35 /* wbCover.h */,
				BBE38CC91DB9BC7300BB4F35 /* wbCover.m */,
				BBE38CCB1DB9C06800BB4F35 /* wbPopMenu.h */,
				BBE38CCC1DB9C06800BB4F35 /* wbPopMenu.m */,
			);
			path = View;
			sourceTree = "<group>";
		};
		BBF001971DB5F8ED0099BD50 /* Main */ = {
			isa = PBXGroup;
			children = (
				BBF001981DB5F8ED0099BD50 /* Controller */,
				BBF001991DB5F8ED0099BD50 /* Model */,
				BBF0019A1DB5F8ED0099BD50 /* View */,
			);
			path = Main;
			sourceTree = "<group>";
		};
		BBF001981DB5F8ED0099BD50 /* Controller */ = {
			isa = PBXGroup;
			children = (
				BBF001AE1DB5FEC60099BD50 /* wbTabBarController.h */,
				BBF001AF1DB5FEC60099BD50 /* wbTabBarController.m */,
				BBE38CA91DB8970800BB4F35 /* wbNavigationController.h */,
				BBE38CAA1DB8970800BB4F35 /* wbNavigationController.m */,
			);
			path = Controller;
			sourceTree = "<group>";
		};
		BBF001991DB5F8ED0099BD50 /* Model */ = {
			isa = PBXGroup;
			children = (
			);
			path = Model;
			sourceTree = "<group>";
		};
		BBF0019A1DB5F8ED0099BD50 /* View */ = {
			isa = PBXGroup;
			children = (
				BBF001B41DB6051D0099BD50 /* wbTabBar.h */,
				BBF001B51DB6051D0099BD50 /* wbTabBar.m */,
				BBE38CBF1DB8BD5500BB4F35 /* wbTabBarButton.h */,
				BBE38CC01DB8BD5500BB4F35 /* wbTabBarButton.m */,
				BBE38CB81DB8AD4200BB4F35 /* wbBadgeView.h */,
				BBE38CB91DB8AD4200BB4F35 /* wbBadgeView.m */,
			);
			path = View;
			sourceTree = "<group>";
		};
		BBF0019B1DB5F8ED0099BD50 /* Message */ = {
			isa = PBXGroup;
			children = (
				BBF0019C1DB5F8ED0099BD50 /* Controller */,
				BBF0019D1DB5F8ED0099BD50 /* Model */,
				BBF0019E1DB5F8ED0099BD50 /* View */,
			);
			path = Message;
			sourceTree = "<group>";
		};
		BBF0019C1DB5F8ED0099BD50 /* Controller */ = {
			isa = PBXGroup;
			children = (
				BBE38CB21DB8982C00BB4F35 /* wbMessageViewController.h */,
				BBE38CB31DB8982C00BB4F35 /* wbMessageViewController.m */,
			);
			path = Controller;
			sourceTree = "<group>";
		};
		BBF0019D1DB5F8ED0099BD50 /* Model */ = {
			isa = PBXGroup;
			children = (
			);
			path = Model;
			sourceTree = "<group>";
		};
		BBF0019E1DB5F8ED0099BD50 /* View */ = {
			isa = PBXGroup;
			children = (
			);
			path = View;
			sourceTree = "<group>";
		};
		BBF0019F1DB5F8ED0099BD50 /* Other */ = {
			isa = PBXGroup;
			children = (
				BBF001A01DB5F8ED0099BD50 /* AppDelegate.h */,
				BBF001A11DB5F8ED0099BD50 /* AppDelegate.m */,
				BBF001A21DB5F8ED0099BD50 /* Category */,
				BBF001A31DB5F8ED0099BD50 /* main.m */,
				BBE38CBE1DB8B15600BB4F35 /* wbPrefixHeader.pch */,
			);
			path = Other;
			sourceTree = "<group>";
		};
		BBF001A21DB5F8ED0099BD50 /* Category */ = {
			isa = PBXGroup;
			children = (
				BBF001B11DB603E60099BD50 /* UIImage+wbImage.h */,
				BBF001B21DB603E60099BD50 /* UIImage+wbImage.m */,
				BBE38CBB1DB8AFA700BB4F35 /* UIView+wbFrame.h */,
				BBE38CBC1DB8AFA700BB4F35 /* UIView+wbFrame.m */,
				BBE38CC21DB9B60700BB4F35 /* UIBarButtonItem+wbItem.h */,
				BBE38CC31DB9B60700BB4F35 /* UIBarButtonItem+wbItem.m */,
			);
			path = Category;
			sourceTree = "<group>";
		};
		BBF001A41DB5F8ED0099BD50 /* Profile */ = {
			isa = PBXGroup;
			children = (
				BBF001A51DB5F8ED0099BD50 /* Controller */,
				BBF001A61DB5F8ED0099BD50 /* Model */,
				BBF001A71DB5F8ED0099BD50 /* View */,
			);
			path = Profile;
			sourceTree = "<group>";
		};
		BBF001A51DB5F8ED0099BD50 /* Controller */ = {
			isa = PBXGroup;
			children = (
				BBE38CB51DB8983D00BB4F35 /* wbProfileViewController.h */,
				BBE38CB61DB8983D00BB4F35 /* wbProfileViewController.m */,
			);
			path = Controller;
			sourceTree = "<group>";
		};
		BBF001A61DB5F8ED0099BD50 /* Model */ = {
			isa = PBXGroup;
			children = (
			);
			path = Model;
			sourceTree = "<group>";
		};
		BBF001A71DB5F8ED0099BD50 /* View */ = {
			isa = PBXGroup;
			children = (
			);
			path = View;
			sourceTree = "<group>";
		};
		BBF001B71DB60B720099BD50 /* Frameworks */ = {
			isa = PBXGroup;
			children = (
				BBF001B81DB60B720099BD50 /* UIKit.framework */,
				1E2AB5EA4C28C077D1C4925D /* libPods-weibo.a */,
			);
			name = Frameworks;
			sourceTree = "<group>";
		};
/* End PBXGroup section */

/* Begin PBXNativeTarget section */
		BBF001721DB5F6DA0099BD50 /* weibo */ = {
			isa = PBXNativeTarget;
			buildConfigurationList = BBF0018A1DB5F6DA0099BD50 /* Build configuration list for PBXNativeTarget "weibo" */;
			buildPhases = (
				0930BAEE7E51BDC777BA1603 /* [CP] Check Pods Manifest.lock */,
				BBF0016F1DB5F6DA0099BD50 /* Sources */,
				BBF001701DB5F6DA0099BD50 /* Frameworks */,
				BBF001711DB5F6DA0099BD50 /* Resources */,
				E811D60D8171357312E8E1E3 /* [CP] Embed Pods Frameworks */,
				412B91198FE6B811297FE6FA /* [CP] Copy Pods Resources */,
			);
			buildRules = (
			);
			dependencies = (
			);
			name = weibo;
			productName = weibo;
			productReference = BBF001731DB5F6DA0099BD50 /* weibo.app */;
			productType = "com.apple.product-type.application";
		};
/* End PBXNativeTarget section */

/* Begin PBXProject section */
		BBF0016B1DB5F6DA0099BD50 /* Project object */ = {
			isa = PBXProject;
			attributes = {
				CLASSPREFIX = wb;
				LastUpgradeCheck = 0800;
				ORGANIZATIONNAME = wata;
				TargetAttributes = {
					BBF001721DB5F6DA0099BD50 = {
						CreatedOnToolsVersion = 8.0;
						ProvisioningStyle = Automatic;
					};
				};
			};
			buildConfigurationList = BBF0016E1DB5F6DA0099BD50 /* Build configuration list for PBXProject "weibo" */;
			compatibilityVersion = "Xcode 3.2";
			developmentRegion = English;
			hasScannedForEncodings = 0;
			knownRegions = (
				en,
				Base,
			);
			mainGroup = BBF0016A1DB5F6DA0099BD50;
			productRefGroup = BBF001741DB5F6DA0099BD50 /* Products */;
			projectDirPath = "";
			projectRoot = "";
			targets = (
				BBF001721DB5F6DA0099BD50 /* weibo */,
			);
		};
/* End PBXProject section */

/* Begin PBXResourcesBuildPhase section */
		BBF001711DB5F6DA0099BD50 /* Resources */ = {
			isa = PBXResourcesBuildPhase;
			buildActionMask = 2147483647;
			files = (
				BBF001861DB5F6DA0099BD50 /* LaunchScreen.storyboard in Resources */,
				BBF001831DB5F6DA0099BD50 /* Assets.xcassets in Resources */,
				BB5E371C1DBF34B600AA2667 /* wbViewController_Two.xib in Resources */,
				BBF7DD781DBEFFFE00AE7EF0 /* wbViewController_One.xib in Resources */,
			);
			runOnlyForDeploymentPostprocessing = 0;
		};
/* End PBXResourcesBuildPhase section */

/* Begin PBXShellScriptBuildPhase section */
		0930BAEE7E51BDC777BA1603 /* [CP] Check Pods Manifest.lock */ = {
			isa = PBXShellScriptBuildPhase;
			buildActionMask = 2147483647;
			files = (
			);
			inputPaths = (
			);
			name = "[CP] Check Pods Manifest.lock";
			outputPaths = (
			);
			runOnlyForDeploymentPostprocessing = 0;
			shellPath = /bin/sh;
			shellScript = "diff \"${PODS_ROOT}/../Podfile.lock\" \"${PODS_ROOT}/Manifest.lock\" > /dev/null\nif [[ $? != 0 ]] ; then\n    cat << EOM\nerror: The sandbox is not in sync with the Podfile.lock. Run 'pod install' or update your CocoaPods installation.\nEOM\n    exit 1\nfi\n";
			showEnvVarsInLog = 0;
		};
		412B91198FE6B811297FE6FA /* [CP] Copy Pods Resources */ = {
			isa = PBXShellScriptBuildPhase;
			buildActionMask = 2147483647;
			files = (
			);
			inputPaths = (
			);
			name = "[CP] Copy Pods Resources";
			outputPaths = (
			);
			runOnlyForDeploymentPostprocessing = 0;
			shellPath = /bin/sh;
			shellScript = "\"${SRCROOT}/Pods/Target Support Files/Pods-weibo/Pods-weibo-resources.sh\"\n";
			showEnvVarsInLog = 0;
		};
		E811D60D8171357312E8E1E3 /* [CP] Embed Pods Frameworks */ = {
			isa = PBXShellScriptBuildPhase;
			buildActionMask = 2147483647;
			files = (
			);
			inputPaths = (
			);
			name = "[CP] Embed Pods Frameworks";
			outputPaths = (
			);
			runOnlyForDeploymentPostprocessing = 0;
			shellPath = /bin/sh;
			shellScript = "\"${SRCROOT}/Pods/Target Support Files/Pods-weibo/Pods-weibo-frameworks.sh\"\n";
			showEnvVarsInLog = 0;
		};
/* End PBXShellScriptBuildPhase section */

/* Begin PBXSourcesBuildPhase section */
		BBF0016F1DB5F6DA0099BD50 /* Sources */ = {
			isa = PBXSourcesBuildPhase;
			buildActionMask = 2147483647;
			files = (
				BBF001B31DB603E60099BD50 /* UIImage+wbImage.m in Sources */,
				BBE38CB71DB8983D00BB4F35 /* wbProfileViewController.m in Sources */,
				BBF001A81DB5F8ED0099BD50 /* AppDelegate.m in Sources */,
				BBE38CB41DB8982C00BB4F35 /* wbMessageViewController.m in Sources */,
				BBF001A91DB5F8ED0099BD50 /* main.m in Sources */,
				BBF001B61DB6051D0099BD50 /* wbTabBar.m in Sources */,
				BBE38CB11DB8981700BB4F35 /* wbDiscoverViewController.m in Sources */,
				BBE38CAB1DB8970800BB4F35 /* wbNavigationController.m in Sources */,
				BB79A6EB1DC079FD00E3072D /* wbNewFeatureCell.m in Sources */,
				BB79A6EA1DC079FD00E3072D /* wbNewFeatureController.m in Sources */,
				BBE38CD01DB9C1E700BB4F35 /* wbOneViewController.m in Sources */,
				BBE637E81DC191EF009C0CDC /* wbOAuthViewController.m in Sources */,
				BBE38CAE1DB897F900BB4F35 /* wbHomeViewController.m in Sources */,
				BBF001B01DB5FEC60099BD50 /* wbTabBarController.m in Sources */,
				BBE38CC41DB9B60700BB4F35 /* UIBarButtonItem+wbItem.m in Sources */,
				BBE38CC11DB8BD5500BB4F35 /* wbTabBarButton.m in Sources */,
				BBE38CCA1DB9BC7300BB4F35 /* wbCover.m in Sources */,
				BBF7DD771DBEFFFE00AE7EF0 /* wbViewController_One.m in Sources */,
				BBE38CCD1DB9C06800BB4F35 /* wbPopMenu.m in Sources */,
				BB5E371B1DBF34B600AA2667 /* wbViewController_Two.m in Sources */,
				BBE38CC71DB9B84A00BB4F35 /* wbTitleButton.m in Sources */,
				BBE38CBA1DB8AD4200BB4F35 /* wbBadgeView.m in Sources */,
				BBE38CD31DBA1AF700BB4F35 /* wbSearchBar.m in Sources */,
				BBE38CBD1DB8AFA700BB4F35 /* UIView+wbFrame.m in Sources */,
			);
			runOnlyForDeploymentPostprocessing = 0;
		};
/* End PBXSourcesBuildPhase section */

/* Begin PBXVariantGroup section */
		BBF001841DB5F6DA0099BD50 /* LaunchScreen.storyboard */ = {
			isa = PBXVariantGroup;
			children = (
				BBF001851DB5F6DA0099BD50 /* Base */,
			);
			name = LaunchScreen.storyboard;
			sourceTree = "<group>";
		};
/* End PBXVariantGroup section */

/* Begin XCBuildConfiguration section */
		BBF001881DB5F6DA0099BD50 /* Debug */ = {
			isa = XCBuildConfiguration;
			buildSettings = {
				ALWAYS_SEARCH_USER_PATHS = NO;
				CLANG_ANALYZER_NONNULL = YES;
				CLANG_CXX_LANGUAGE_STANDARD = "gnu++0x";
				CLANG_CXX_LIBRARY = "libc++";
				CLANG_ENABLE_MODULES = YES;
				CLANG_ENABLE_OBJC_ARC = YES;
				CLANG_WARN_BOOL_CONVERSION = YES;
				CLANG_WARN_CONSTANT_CONVERSION = YES;
				CLANG_WARN_DIRECT_OBJC_ISA_USAGE = YES_ERROR;
				CLANG_WARN_DOCUMENTATION_COMMENTS = YES;
				CLANG_WARN_EMPTY_BODY = YES;
				CLANG_WARN_ENUM_CONVERSION = YES;
				CLANG_WARN_INFINITE_RECURSION = YES;
				CLANG_WARN_INT_CONVERSION = YES;
				CLANG_WARN_OBJC_ROOT_CLASS = YES_ERROR;
				CLANG_WARN_SUSPICIOUS_MOVES = YES;
				CLANG_WARN_UNREACHABLE_CODE = YES;
				CLANG_WARN__DUPLICATE_METHOD_MATCH = YES;
				"CODE_SIGN_IDENTITY[sdk=iphoneos*]" = "iPhone Developer";
				COPY_PHASE_STRIP = NO;
				DEBUG_INFORMATION_FORMAT = dwarf;
				ENABLE_STRICT_OBJC_MSGSEND = YES;
				ENABLE_TESTABILITY = YES;
				GCC_C_LANGUAGE_STANDARD = gnu99;
				GCC_DYNAMIC_NO_PIC = NO;
				GCC_NO_COMMON_BLOCKS = YES;
				GCC_OPTIMIZATION_LEVEL = 0;
				GCC_PREFIX_HEADER = weibo/Classes/Other/wbPrefixHeader.pch;
				GCC_PREPROCESSOR_DEFINITIONS = (
					"DEBUG=1",
					"$(inherited)",
				);
				GCC_WARN_64_TO_32_BIT_CONVERSION = YES;
				GCC_WARN_ABOUT_RETURN_TYPE = YES_ERROR;
				GCC_WARN_UNDECLARED_SELECTOR = YES;
				GCC_WARN_UNINITIALIZED_AUTOS = YES_AGGRESSIVE;
				GCC_WARN_UNUSED_FUNCTION = YES;
				GCC_WARN_UNUSED_VARIABLE = YES;
				IPHONEOS_DEPLOYMENT_TARGET = 10.0;
				MTL_ENABLE_DEBUG_INFO = YES;
				ONLY_ACTIVE_ARCH = YES;
				SDKROOT = iphoneos;
			};
			name = Debug;
		};
		BBF001891DB5F6DA0099BD50 /* Release */ = {
			isa = XCBuildConfiguration;
			buildSettings = {
				ALWAYS_SEARCH_USER_PATHS = NO;
				CLANG_ANALYZER_NONNULL = YES;
				CLANG_CXX_LANGUAGE_STANDARD = "gnu++0x";
				CLANG_CXX_LIBRARY = "libc++";
				CLANG_ENABLE_MODULES = YES;
				CLANG_ENABLE_OBJC_ARC = YES;
				CLANG_WARN_BOOL_CONVERSION = YES;
				CLANG_WARN_CONSTANT_CONVERSION = YES;
				CLANG_WARN_DIRECT_OBJC_ISA_USAGE = YES_ERROR;
				CLANG_WARN_DOCUMENTATION_COMMENTS = YES;
				CLANG_WARN_EMPTY_BODY = YES;
				CLANG_WARN_ENUM_CONVERSION = YES;
				CLANG_WARN_INFINITE_RECURSION = YES;
				CLANG_WARN_INT_CONVERSION = YES;
				CLANG_WARN_OBJC_ROOT_CLASS = YES_ERROR;
				CLANG_WARN_SUSPICIOUS_MOVES = YES;
				CLANG_WARN_UNREACHABLE_CODE = YES;
				CLANG_WARN__DUPLICATE_METHOD_MATCH = YES;
				"CODE_SIGN_IDENTITY[sdk=iphoneos*]" = "iPhone Developer";
				COPY_PHASE_STRIP = NO;
				DEBUG_INFORMATION_FORMAT = "dwarf-with-dsym";
				ENABLE_NS_ASSERTIONS = NO;
				ENABLE_STRICT_OBJC_MSGSEND = YES;
				GCC_C_LANGUAGE_STANDARD = gnu99;
				GCC_NO_COMMON_BLOCKS = YES;
				GCC_PREFIX_HEADER = weibo/Classes/Other/wbPrefixHeader.pch;
				GCC_WARN_64_TO_32_BIT_CONVERSION = YES;
				GCC_WARN_ABOUT_RETURN_TYPE = YES_ERROR;
				GCC_WARN_UNDECLARED_SELECTOR = YES;
				GCC_WARN_UNINITIALIZED_AUTOS = YES_AGGRESSIVE;
				GCC_WARN_UNUSED_FUNCTION = YES;
				GCC_WARN_UNUSED_VARIABLE = YES;
				IPHONEOS_DEPLOYMENT_TARGET = 10.0;
				MTL_ENABLE_DEBUG_INFO = NO;
				SDKROOT = iphoneos;
				VALIDATE_PRODUCT = YES;
			};
			name = Release;
		};
		BBF0018B1DB5F6DA0099BD50 /* Debug */ = {
			isa = XCBuildConfiguration;
			baseConfigurationReference = AC8A3D61E800337767193188 /* Pods-weibo.debug.xcconfig */;
			buildSettings = {
				ASSETCATALOG_COMPILER_APPICON_NAME = AppIcon;
				ASSETCATALOG_COMPILER_LAUNCHIMAGE_NAME = LaunchImage;
				INFOPLIST_FILE = weibo/Info.plist;
				IPHONEOS_DEPLOYMENT_TARGET = 9.0;
				LD_RUNPATH_SEARCH_PATHS = "$(inherited) @executable_path/Frameworks";
				PRODUCT_BUNDLE_IDENTIFIER = com.wata.weibo;
				PRODUCT_NAME = "$(TARGET_NAME)";
			};
			name = Debug;
		};
		BBF0018C1DB5F6DA0099BD50 /* Release */ = {
			isa = XCBuildConfiguration;
			baseConfigurationReference = 63DCC574F5467D727EB917A0 /* Pods-weibo.release.xcconfig */;
			buildSettings = {
				ASSETCATALOG_COMPILER_APPICON_NAME = AppIcon;
				ASSETCATALOG_COMPILER_LAUNCHIMAGE_NAME = LaunchImage;
				INFOPLIST_FILE = weibo/Info.plist;
				IPHONEOS_DEPLOYMENT_TARGET = 9.0;
				LD_RUNPATH_SEARCH_PATHS = "$(inherited) @executable_path/Frameworks";
				PRODUCT_BUNDLE_IDENTIFIER = com.wata.weibo;
				PRODUCT_NAME = "$(TARGET_NAME)";
			};
			name = Release;
		};
/* End XCBuildConfiguration section */

/* Begin XCConfigurationList section */
		BBF0016E1DB5F6DA0099BD50 /* Build configuration list for PBXProject "weibo" */ = {
			isa = XCConfigurationList;
			buildConfigurations = (
				BBF001881DB5F6DA0099BD50 /* Debug */,
				BBF001891DB5F6DA0099BD50 /* Release */,
			);
			defaultConfigurationIsVisible = 0;
			defaultConfigurationName = Release;
		};
		BBF0018A1DB5F6DA0099BD50 /* Build configuration list for PBXNativeTarget "weibo" */ = {
			isa = XCConfigurationList;
			buildConfigurations = (
				BBF0018B1DB5F6DA0099BD50 /* Debug */,
				BBF0018C1DB5F6DA0099BD50 /* Release */,
			);
			defaultConfigurationIsVisible = 0;
			defaultConfigurationName = Release;
		};
/* End XCConfigurationList section */
	};
	rootObject = BBF0016B1DB5F6DA0099BD50 /* Project object */;
}
